<?xml version="1.0" encoding="UTF-8"?>
<!DOCTYPE plist PUBLIC "-//Apple//DTD PLIST 1.0//EN" "http://www.apple.com/DTDs/PropertyList-1.0.dtd">
<plist version="1.0">
<dict>
	<key>archiveVersion</key>
	<string>1</string>
	<key>classes</key>
	<dict/>
	<key>objectVersion</key>
	<string>46</string>
	<key>objects</key>
	<dict>
		<key>074BB30E1720E01500937930</key>
		<dict>
			<key>children</key>
			<array>
				<string>074BB30F1720E01500937930</string>
				<string>074BB3101720E01500937930</string>
			</array>
			<key>isa</key>
			<string>PBXGroup</string>
			<key>path</key>
			<string>Flurry</string>
			<key>sourceTree</key>
			<string>&lt;group&gt;</string>
		</dict>
		<key>074BB30F1720E01500937930</key>
		<dict>
			<key>fileEncoding</key>
			<string>4</string>
			<key>isa</key>
			<string>PBXFileReference</string>
			<key>lastKnownFileType</key>
			<string>sourcecode.c.h</string>
			<key>path</key>
			<string>Flurry.h</string>
			<key>sourceTree</key>
			<string>&lt;group&gt;</string>
		</dict>
		<key>074BB3101720E01500937930</key>
		<dict>
			<key>isa</key>
			<string>PBXFileReference</string>
			<key>lastKnownFileType</key>
			<string>archive.ar</string>
			<key>path</key>
			<string>libFlurry.a</string>
			<key>sourceTree</key>
			<string>&lt;group&gt;</string>
		</dict>
		<key>074BB3111720E01500937930</key>
		<dict>
			<key>fileRef</key>
			<string>074BB3101720E01500937930</string>
			<key>isa</key>
			<string>PBXBuildFile</string>
		</dict>
		<key>080E96DDFE201D6D7F000001</key>
		<dict>
			<key>children</key>
			<array>
				<string>BA6171A611226CE600137B2D</string>
				<string>1D3623240D0F684500981E51</string>
				<string>1D3623250D0F684500981E51</string>
				<string>BA9D0D2F0FCA4E7100E2B262</string>
				<string>BA9D0D300FCA4E7100E2B262</string>
				<string>BAE6A0C911729B2E00886226</string>
				<string>BAE6A0CA11729B2E00886226</string>
			</array>
			<key>isa</key>
			<string>PBXGroup</string>
			<key>name</key>
			<string>Main Controllers</string>
			<key>path</key>
			<string>Classes</string>
			<key>sourceTree</key>
			<string>&lt;group&gt;</string>
		</dict>
		<key>19C28FACFE9D520D11CA2CBB</key>
		<dict>
			<key>children</key>
			<array>
				<string>1D6058910D05DD3D006BFB54</string>
			</array>
			<key>isa</key>
			<string>PBXGroup</string>
			<key>name</key>
			<string>Products</string>
			<key>sourceTree</key>
			<string>&lt;group&gt;</string>
		</dict>
		<key>1D30AB110D05D00D00671497</key>
		<dict>
			<key>isa</key>
			<string>PBXFileReference</string>
			<key>lastKnownFileType</key>
			<string>wrapper.framework</string>
			<key>name</key>
			<string>Foundation.framework</string>
			<key>path</key>
			<string>System/Library/Frameworks/Foundation.framework</string>
			<key>sourceTree</key>
			<string>SDKROOT</string>
		</dict>
		<key>1D3623240D0F684500981E51</key>
		<dict>
			<key>fileEncoding</key>
			<string>4</string>
			<key>isa</key>
			<string>PBXFileReference</string>
			<key>lastKnownFileType</key>
			<string>sourcecode.c.h</string>
			<key>path</key>
			<string>DomainrAppDelegate.h</string>
			<key>sourceTree</key>
			<string>&lt;group&gt;</string>
		</dict>
		<key>1D3623250D0F684500981E51</key>
		<dict>
			<key>fileEncoding</key>
			<string>4</string>
			<key>isa</key>
			<string>PBXFileReference</string>
			<key>lastKnownFileType</key>
			<string>sourcecode.c.objc</string>
			<key>path</key>
			<string>DomainrAppDelegate.m</string>
			<key>sourceTree</key>
			<string>&lt;group&gt;</string>
		</dict>
		<key>1D3623260D0F684500981E51</key>
		<dict>
			<key>fileRef</key>
			<string>1D3623250D0F684500981E51</string>
			<key>isa</key>
			<string>PBXBuildFile</string>
		</dict>
		<key>1D60588D0D05DD3D006BFB54</key>
		<dict>
			<key>buildActionMask</key>
			<string>2147483647</string>
			<key>files</key>
			<array>
				<string>BA9D10F20FCA8DA200E2B262</string>
				<string>BA57B99211226B7700EFE452</string>
				<string>BA57B99811226B7700EFE452</string>
				<string>BA57B99911226B7700EFE452</string>
				<string>BA57B99C11226B7700EFE452</string>
				<string>BA57B99D11226B7700EFE452</string>
				<string>BA57B99E11226B7700EFE452</string>
				<string>BA57B99F11226B7700EFE452</string>
				<string>BA57B9A011226B7700EFE452</string>
				<string>BA57B9A111226B7700EFE452</string>
				<string>BA57B9A211226B7700EFE452</string>
				<string>BA57B9A411226B7700EFE452</string>
				<string>BA57B9A711226B7700EFE452</string>
				<string>BA57B9A811226B7700EFE452</string>
				<string>BA6171A011226CB100137B2D</string>
				<string>BA6171A811226CF500137B2D</string>
				<string>BA6171C611226DBB00137B2D</string>
				<string>BA61739411229EEE00137B2D</string>
				<string>BA6173B61122A15F00137B2D</string>
				<string>BAE6A0CD11729B2E00886226</string>
				<string>B3388F53152BD564009649FB</string>
				<string>B3E7CD9016D1799200987200</string>
				<string>B343752E16D18FF200F19105</string>
				<string>B343752F16D18FF200F19105</string>
				<string>B343753016D18FF200F19105</string>
				<string>B343753116D18FF200F19105</string>
				<string>B343753216D18FF200F19105</string>
				<string>B343753416D1902600F19105</string>
				<string>B33E1483172341F8004EF8C7</string>
				<string>B33E1484172341F8004EF8C7</string>
				<string>B33E1485172341F8004EF8C7</string>
				<string>B33E1486172341F8004EF8C7</string>
				<string>B33E1487172341F8004EF8C7</string>
				<string>B33E1488172341F8004EF8C7</string>
				<string>B33E1489172341F8004EF8C7</string>
				<string>B33E148A172341F8004EF8C7</string>
				<string>B33E148D1723424B004EF8C7</string>
				<string>B33E148E1723424B004EF8C7</string>
			</array>
			<key>isa</key>
			<string>PBXResourcesBuildPhase</string>
			<key>runOnlyForDeploymentPostprocessing</key>
			<string>0</string>
		</dict>
		<key>1D60588E0D05DD3D006BFB54</key>
		<dict>
			<key>buildActionMask</key>
			<string>2147483647</string>
			<key>files</key>
			<array>
				<string>1D3623260D0F684500981E51</string>
				<string>BA9D0D310FCA4E7100E2B262</string>
				<string>BA9D0EFB0FCA682700E2B262</string>
				<string>BAD5C01A107D9C4000C819F4</string>
				<string>BA577530108EDAAA00C6828C</string>
				<string>BA57B97011226AC400EFE452</string>
				<string>BA57B97111226AC400EFE452</string>
				<string>BA57B97211226AC400EFE452</string>
				<string>BA57B97311226AC400EFE452</string>
				<string>BA57B97411226AC400EFE452</string>
				<string>BA57B97511226AC400EFE452</string>
				<string>BA57B97611226AC400EFE452</string>
				<string>BA57B97711226AC400EFE452</string>
				<string>BA57B97811226AC400EFE452</string>
				<string>BA57B9B911226B9A00EFE452</string>
				<string>BA57B9BA11226B9A00EFE452</string>
				<string>BA57B9BB11226B9A00EFE452</string>
				<string>BA57B9BC11226B9A00EFE452</string>
				<string>BA57B9BD11226B9A00EFE452</string>
				<string>BA57B9BE11226B9A00EFE452</string>
				<string>BA57B9BF11226B9A00EFE452</string>
				<string>BA57B9C011226B9A00EFE452</string>
				<string>BA57B9E411226BE200EFE452</string>
				<string>BA6171A311226CCF00137B2D</string>
				<string>BA6171CB11226DD500137B2D</string>
				<string>BA6172EE11228B9400137B2D</string>
				<string>BAE6A0CC11729B2E00886226</string>
			</array>
			<key>isa</key>
			<string>PBXSourcesBuildPhase</string>
			<key>runOnlyForDeploymentPostprocessing</key>
			<string>0</string>
		</dict>
		<key>1D60588F0D05DD3D006BFB54</key>
		<dict>
			<key>buildActionMask</key>
			<string>2147483647</string>
			<key>files</key>
			<array>
				<string>1D60589F0D05DD5A006BFB54</string>
				<string>1DF5F4E00D08C38300B7A737</string>
				<string>BA9D0DD50FCA5FDB00E2B262</string>
				<string>BA9D0DDB0FCA602300E2B262</string>
				<string>BA8F250010905E1D000CBAF0</string>
				<string>BA0FCD361095A87F00593B42</string>
				<string>BA6173F31122B49600137B2D</string>
				<string>074BB3111720E01500937930</string>
				<string>266B34795E054F978BC71D01</string>
			</array>
			<key>isa</key>
			<string>PBXFrameworksBuildPhase</string>
			<key>runOnlyForDeploymentPostprocessing</key>
			<string>0</string>
		</dict>
		<key>1D6058900D05DD3D006BFB54</key>
		<dict>
			<key>buildConfigurationList</key>
			<string>1D6058960D05DD3E006BFB54</string>
			<key>buildPhases</key>
			<array>
				<string>E6E686E8956D40379BDCFFEA</string>
				<string>1D60588D0D05DD3D006BFB54</string>
				<string>1D60588E0D05DD3D006BFB54</string>
				<string>1D60588F0D05DD3D006BFB54</string>
				<string>E2A848CEA298480BA15F7A35</string>
			</array>
			<key>buildRules</key>
			<array/>
			<key>dependencies</key>
			<array/>
			<key>isa</key>
			<string>PBXNativeTarget</string>
			<key>name</key>
			<string>Domainr</string>
			<key>productName</key>
			<string>Domainr</string>
			<key>productReference</key>
			<string>1D6058910D05DD3D006BFB54</string>
			<key>productType</key>
			<string>com.apple.product-type.application</string>
		</dict>
		<key>1D6058910D05DD3D006BFB54</key>
		<dict>
			<key>explicitFileType</key>
			<string>wrapper.application</string>
			<key>includeInIndex</key>
			<string>0</string>
			<key>isa</key>
			<string>PBXFileReference</string>
			<key>path</key>
			<string>Domainr.app</string>
			<key>sourceTree</key>
			<string>BUILT_PRODUCTS_DIR</string>
		</dict>
		<key>1D6058940D05DD3E006BFB54</key>
		<dict>
			<key>baseConfigurationReference</key>
			<string>B3C3C7F4F82D490C8BE97F08</string>
			<key>buildSettings</key>
			<dict>
				<key>ALWAYS_SEARCH_USER_PATHS</key>
				<string>NO</string>
				<key>CODE_SIGN_IDENTITY</key>
				<string>iPhone Distribution: nb.io, LLC (95TFR6S6T9)</string>
				<key>CODE_SIGN_IDENTITY[sdk=iphoneos*]</key>
				<string>iPhone Distribution: nb.io, LLC (95TFR6S6T9)</string>
				<key>COPY_PHASE_STRIP</key>
				<string>NO</string>
				<key>GCC_DYNAMIC_NO_PIC</key>
				<string>NO</string>
				<key>GCC_OPTIMIZATION_LEVEL</key>
				<string>0</string>
				<key>GCC_PRECOMPILE_PREFIX_HEADER</key>
				<string>YES</string>
				<key>GCC_PREFIX_HEADER</key>
				<string>Domainr_Prefix.pch</string>
				<key>INFOPLIST_FILE</key>
				<string>Info.plist</string>
				<key>IPHONEOS_DEPLOYMENT_TARGET</key>
				<string>4.3</string>
				<key>LIBRARY_SEARCH_PATHS</key>
				<array>
					<string>$(inherited)</string>
					<string>"$(SRCROOT)"</string>
					<string>"$(SRCROOT)/FlurryAnalytics"</string>
					<string>"$(SRCROOT)/Flurry"</string>
				</array>
				<key>PRODUCT_NAME</key>
				<string>Domainr</string>
				<key>PROVISIONING_PROFILE</key>
				<string>25F3F068-D256-4810-9CA2-2EAA05224B6C</string>
				<key>PROVISIONING_PROFILE[sdk=iphoneos*]</key>
				<string>25F3F068-D256-4810-9CA2-2EAA05224B6C</string>
				<key>TARGETED_DEVICE_FAMILY</key>
				<string>1</string>
			</dict>
			<key>isa</key>
			<string>XCBuildConfiguration</string>
			<key>name</key>
			<string>Debug</string>
		</dict>
		<key>1D6058950D05DD3E006BFB54</key>
		<dict>
			<key>baseConfigurationReference</key>
			<string>B3C3C7F4F82D490C8BE97F08</string>
			<key>buildSettings</key>
			<dict>
				<key>ALWAYS_SEARCH_USER_PATHS</key>
				<string>NO</string>
				<key>CODE_SIGN_ENTITLEMENTS</key>
				<string></string>
				<key>CODE_SIGN_IDENTITY</key>
				<string>iPhone Distribution: nb.io, LLC (95TFR6S6T9)</string>
				<key>CODE_SIGN_IDENTITY[sdk=iphoneos*]</key>
				<string>iPhone Distribution: nb.io, LLC (95TFR6S6T9)</string>
				<key>COPY_PHASE_STRIP</key>
				<string>YES</string>
				<key>GCC_PRECOMPILE_PREFIX_HEADER</key>
				<string>YES</string>
				<key>GCC_PREFIX_HEADER</key>
				<string>Domainr_Prefix.pch</string>
				<key>INFOPLIST_FILE</key>
				<string>Info.plist</string>
				<key>IPHONEOS_DEPLOYMENT_TARGET</key>
				<string>4.3</string>
				<key>LIBRARY_SEARCH_PATHS</key>
				<array>
					<string>$(inherited)</string>
					<string>"$(SRCROOT)"</string>
					<string>"$(SRCROOT)/FlurryAnalytics"</string>
					<string>"$(SRCROOT)/Flurry"</string>
				</array>
				<key>PRODUCT_NAME</key>
				<string>Domainr</string>
				<key>PROVISIONING_PROFILE</key>
				<string>25F3F068-D256-4810-9CA2-2EAA05224B6C</string>
				<key>PROVISIONING_PROFILE[sdk=iphoneos*]</key>
				<string>25F3F068-D256-4810-9CA2-2EAA05224B6C</string>
				<key>TARGETED_DEVICE_FAMILY</key>
				<string>1</string>
			</dict>
			<key>isa</key>
			<string>XCBuildConfiguration</string>
			<key>name</key>
			<string>Release</string>
		</dict>
		<key>1D6058960D05DD3E006BFB54</key>
		<dict>
			<key>buildConfigurations</key>
			<array>
				<string>1D6058940D05DD3E006BFB54</string>
				<string>BA9D110A0FCA8DF500E2B262</string>
				<string>1D6058950D05DD3E006BFB54</string>
				<string>BAF97D48117459D8004882C6</string>
			</array>
			<key>defaultConfigurationIsVisible</key>
			<string>0</string>
			<key>defaultConfigurationName</key>
			<string>Release</string>
			<key>isa</key>
			<string>XCConfigurationList</string>
		</dict>
		<key>1D60589F0D05DD5A006BFB54</key>
		<dict>
			<key>fileRef</key>
			<string>1D30AB110D05D00D00671497</string>
			<key>isa</key>
			<string>PBXBuildFile</string>
		</dict>
		<key>1DF5F4DF0D08C38300B7A737</key>
		<dict>
			<key>isa</key>
			<string>PBXFileReference</string>
			<key>lastKnownFileType</key>
			<string>wrapper.framework</string>
			<key>name</key>
			<string>UIKit.framework</string>
			<key>path</key>
			<string>System/Library/Frameworks/UIKit.framework</string>
			<key>sourceTree</key>
			<string>SDKROOT</string>
		</dict>
		<key>1DF5F4E00D08C38300B7A737</key>
		<dict>
			<key>fileRef</key>
			<string>1DF5F4DF0D08C38300B7A737</string>
			<key>isa</key>
			<string>PBXBuildFile</string>
		</dict>
		<key>266B34795E054F978BC71D01</key>
		<dict>
			<key>fileRef</key>
			<string>7F2C591E306A4E9C9C703210</string>
			<key>isa</key>
			<string>PBXBuildFile</string>
		</dict>
		<key>288765FC0DF74451002DB57D</key>
		<dict>
			<key>isa</key>
			<string>PBXFileReference</string>
			<key>lastKnownFileType</key>
			<string>wrapper.framework</string>
			<key>name</key>
			<string>CoreGraphics.framework</string>
			<key>path</key>
			<string>System/Library/Frameworks/CoreGraphics.framework</string>
			<key>sourceTree</key>
			<string>SDKROOT</string>
		</dict>
		<key>29B97313FDCFA39411CA2CEA</key>
		<dict>
			<key>attributes</key>
			<dict>
				<key>LastUpgradeCheck</key>
				<string>0430</string>
			</dict>
			<key>buildConfigurationList</key>
			<string>C01FCF4E08A954540054247B</string>
			<key>compatibilityVersion</key>
			<string>Xcode 3.2</string>
			<key>developmentRegion</key>
			<string>English</string>
			<key>hasScannedForEncodings</key>
			<string>1</string>
			<key>isa</key>
			<string>PBXProject</string>
			<key>knownRegions</key>
			<array>
				<string>en</string>
			</array>
			<key>mainGroup</key>
			<string>29B97314FDCFA39411CA2CEA</string>
			<key>projectDirPath</key>
			<string></string>
			<key>projectReferences</key>
			<array/>
			<key>projectRoot</key>
			<string></string>
			<key>targets</key>
			<array>
				<string>1D6058900D05DD3D006BFB54</string>
			</array>
		</dict>
		<key>29B97314FDCFA39411CA2CEA</key>
		<dict>
			<key>children</key>
			<array>
				<string>BA9D0D370FCA4FC000E2B262</string>
				<string>BA754CD1107987370024A629</string>
				<string>080E96DDFE201D6D7F000001</string>
				<string>BA0FCCBC10959E6700593B42</string>
				<string>BAA03641109035C600221219</string>
				<string>BA8F27951092BCD3000CBAF0</string>
				<string>29B97317FDCFA39411CA2CEA</string>
				<string>29B97323FDCFA39411CA2CEA</string>
				<string>BA6171E8112270C700137B2D</string>
				<string>BA6171CA11226DD500137B2D</string>
				<string>19C28FACFE9D520D11CA2CBB</string>
				<string>074BB30E1720E01500937930</string>
				<string>B3C3C7F4F82D490C8BE97F08</string>
			</array>
			<key>isa</key>
			<string>PBXGroup</string>
			<key>name</key>
			<string>CustomTemplate</string>
			<key>sourceTree</key>
			<string>&lt;group&gt;</string>
		</dict>
		<key>29B97317FDCFA39411CA2CEA</key>
		<dict>
			<key>children</key>
			<array>
				<string>B33E148B1723424B004EF8C7</string>
				<string>B33E148C1723424B004EF8C7</string>
				<string>B33E147B172341F8004EF8C7</string>
				<string>B33E147C172341F8004EF8C7</string>
				<string>B33E147D172341F8004EF8C7</string>
				<string>B33E147E172341F8004EF8C7</string>
				<string>B33E147F172341F8004EF8C7</string>
				<string>B33E1480172341F8004EF8C7</string>
				<string>B33E1481172341F8004EF8C7</string>
				<string>B33E1482172341F8004EF8C7</string>
				<string>B3E7CD8E16D1799200987200</string>
				<string>B343753316D1902600F19105</string>
				<string>B3388F52152BD564009649FB</string>
				<string>BA57B97B11226B7700EFE452</string>
				<string>BA57B98111226B7700EFE452</string>
				<string>B343752916D18FF200F19105</string>
				<string>B343752A16D18FF200F19105</string>
				<string>B343752B16D18FF200F19105</string>
				<string>B343752C16D18FF200F19105</string>
				<string>B343752D16D18FF200F19105</string>
				<string>BA57B98211226B7700EFE452</string>
				<string>BA57B98511226B7700EFE452</string>
				<string>BA6173B51122A15F00137B2D</string>
				<string>BA57B98611226B7700EFE452</string>
				<string>BA57B98711226B7700EFE452</string>
				<string>BA57B98811226B7700EFE452</string>
				<string>BA57B98911226B7700EFE452</string>
				<string>BA57B98A11226B7700EFE452</string>
				<string>BA57B98B11226B7700EFE452</string>
				<string>BA57B98D11226B7700EFE452</string>
				<string>BA57B99011226B7700EFE452</string>
				<string>BA57B99111226B7700EFE452</string>
				<string>BA61739311229EEE00137B2D</string>
				<string>BA9D10F10FCA8DA200E2B262</string>
				<string>8D1107310486CEB800E47090</string>
			</array>
			<key>isa</key>
			<string>PBXGroup</string>
			<key>name</key>
			<string>Resources</string>
			<key>sourceTree</key>
			<string>&lt;group&gt;</string>
		</dict>
		<key>29B97323FDCFA39411CA2CEA</key>
		<dict>
			<key>children</key>
			<array>
				<string>BA9D0DD40FCA5FDB00E2B262</string>
				<string>BA9D0DDA0FCA602300E2B262</string>
				<string>1DF5F4DF0D08C38300B7A737</string>
				<string>1D30AB110D05D00D00671497</string>
				<string>288765FC0DF74451002DB57D</string>
				<string>BA8F24FF10905E1D000CBAF0</string>
				<string>BA6173F21122B49600137B2D</string>
			</array>
			<key>isa</key>
			<string>PBXGroup</string>
			<key>name</key>
			<string>Linked Frameworks</string>
			<key>sourceTree</key>
			<string>&lt;group&gt;</string>
		</dict>
		<key>7F2C591E306A4E9C9C703210</key>
		<dict>
			<key>explicitFileType</key>
			<string>archive.ar</string>
			<key>includeInIndex</key>
			<string>0</string>
			<key>isa</key>
			<string>PBXFileReference</string>
			<key>path</key>
			<string>libPods.a</string>
			<key>sourceTree</key>
			<string>BUILT_PRODUCTS_DIR</string>
		</dict>
		<key>8D1107310486CEB800E47090</key>
		<dict>
			<key>fileEncoding</key>
			<string>4</string>
			<key>isa</key>
			<string>PBXFileReference</string>
			<key>lastKnownFileType</key>
			<string>text.plist.xml</string>
			<key>path</key>
			<string>Info.plist</string>
			<key>plistStructureDefinitionIdentifier</key>
			<string>com.apple.xcode.plist.structure-definition.iphone.info-plist</string>
			<key>sourceTree</key>
			<string>&lt;group&gt;</string>
		</dict>
		<key>B3388F52152BD564009649FB</key>
		<dict>
			<key>isa</key>
			<string>PBXFileReference</string>
			<key>lastKnownFileType</key>
			<string>image.png</string>
			<key>name</key>
			<string>icon@2x.png</string>
			<key>path</key>
			<string>Resources/icon@2x.png</string>
			<key>sourceTree</key>
			<string>&lt;group&gt;</string>
		</dict>
		<key>B3388F53152BD564009649FB</key>
		<dict>
			<key>fileRef</key>
			<string>B3388F52152BD564009649FB</string>
			<key>isa</key>
			<string>PBXBuildFile</string>
		</dict>
		<key>B33E147B172341F8004EF8C7</key>
		<dict>
			<key>isa</key>
			<string>PBXFileReference</string>
			<key>lastKnownFileType</key>
			<string>image.png</string>
			<key>name</key>
			<string>iana_icon_active.png</string>
			<key>path</key>
			<string>Resources/iana_icon_active.png</string>
			<key>sourceTree</key>
			<string>&lt;group&gt;</string>
		</dict>
		<key>B33E147C172341F8004EF8C7</key>
		<dict>
			<key>isa</key>
			<string>PBXFileReference</string>
			<key>lastKnownFileType</key>
			<string>image.png</string>
			<key>name</key>
			<string>iana_icon_active@2x.png</string>
			<key>path</key>
			<string>Resources/iana_icon_active@2x.png</string>
			<key>sourceTree</key>
			<string>&lt;group&gt;</string>
		</dict>
		<key>B33E147D172341F8004EF8C7</key>
		<dict>
			<key>isa</key>
			<string>PBXFileReference</string>
			<key>lastKnownFileType</key>
			<string>image.png</string>
			<key>name</key>
			<string>magnifying_glass_active.png</string>
			<key>path</key>
			<string>Resources/magnifying_glass_active.png</string>
			<key>sourceTree</key>
			<string>&lt;group&gt;</string>
		</dict>
		<key>B33E147E172341F8004EF8C7</key>
		<dict>
			<key>isa</key>
			<string>PBXFileReference</string>
			<key>lastKnownFileType</key>
			<string>image.png</string>
			<key>name</key>
			<string>magnifying_glass_active@2x.png</string>
			<key>path</key>
			<string>Resources/magnifying_glass_active@2x.png</string>
			<key>sourceTree</key>
			<string>&lt;group&gt;</string>
		</dict>
		<key>B33E147F172341F8004EF8C7</key>
		<dict>
			<key>isa</key>
			<string>PBXFileReference</string>
			<key>lastKnownFileType</key>
			<string>image.png</string>
			<key>name</key>
			<string>web_active.png</string>
			<key>path</key>
			<string>Resources/web_active.png</string>
			<key>sourceTree</key>
			<string>&lt;group&gt;</string>
		</dict>
		<key>B33E1480172341F8004EF8C7</key>
		<dict>
			<key>isa</key>
			<string>PBXFileReference</string>
			<key>lastKnownFileType</key>
			<string>image.png</string>
			<key>name</key>
			<string>web_active@2x.png</string>
			<key>path</key>
			<string>Resources/web_active@2x.png</string>
			<key>sourceTree</key>
			<string>&lt;group&gt;</string>
		</dict>
		<key>B33E1481172341F8004EF8C7</key>
		<dict>
			<key>isa</key>
			<string>PBXFileReference</string>
			<key>lastKnownFileType</key>
			<string>image.png</string>
			<key>name</key>
			<string>wiki_icon_active.png</string>
			<key>path</key>
			<string>Resources/wiki_icon_active.png</string>
			<key>sourceTree</key>
			<string>&lt;group&gt;</string>
		</dict>
		<key>B33E1482172341F8004EF8C7</key>
		<dict>
			<key>isa</key>
			<string>PBXFileReference</string>
			<key>lastKnownFileType</key>
			<string>image.png</string>
			<key>name</key>
			<string>wiki_icon_active@2x.png</string>
			<key>path</key>
			<string>Resources/wiki_icon_active@2x.png</string>
			<key>sourceTree</key>
			<string>&lt;group&gt;</string>
		</dict>
		<key>B33E1483172341F8004EF8C7</key>
		<dict>
			<key>fileRef</key>
			<string>B33E147B172341F8004EF8C7</string>
			<key>isa</key>
			<string>PBXBuildFile</string>
		</dict>
		<key>B33E1484172341F8004EF8C7</key>
		<dict>
			<key>fileRef</key>
			<string>B33E147C172341F8004EF8C7</string>
			<key>isa</key>
			<string>PBXBuildFile</string>
		</dict>
		<key>B33E1485172341F8004EF8C7</key>
		<dict>
			<key>fileRef</key>
			<string>B33E147D172341F8004EF8C7</string>
			<key>isa</key>
			<string>PBXBuildFile</string>
		</dict>
		<key>B33E1486172341F8004EF8C7</key>
		<dict>
			<key>fileRef</key>
			<string>B33E147E172341F8004EF8C7</string>
			<key>isa</key>
			<string>PBXBuildFile</string>
		</dict>
		<key>B33E1487172341F8004EF8C7</key>
		<dict>
			<key>fileRef</key>
			<string>B33E147F172341F8004EF8C7</string>
			<key>isa</key>
			<string>PBXBuildFile</string>
		</dict>
		<key>B33E1488172341F8004EF8C7</key>
		<dict>
			<key>fileRef</key>
			<string>B33E1480172341F8004EF8C7</string>
			<key>isa</key>
			<string>PBXBuildFile</string>
		</dict>
		<key>B33E1489172341F8004EF8C7</key>
		<dict>
			<key>fileRef</key>
			<string>B33E1481172341F8004EF8C7</string>
			<key>isa</key>
			<string>PBXBuildFile</string>
		</dict>
		<key>B33E148A172341F8004EF8C7</key>
		<dict>
			<key>fileRef</key>
			<string>B33E1482172341F8004EF8C7</string>
			<key>isa</key>
			<string>PBXBuildFile</string>
		</dict>
		<key>B33E148B1723424B004EF8C7</key>
		<dict>
			<key>isa</key>
			<string>PBXFileReference</string>
			<key>lastKnownFileType</key>
			<string>image.png</string>
			<key>name</key>
			<string>magnifying_glass_15x15_active.png</string>
			<key>path</key>
			<string>Resources/magnifying_glass_15x15_active.png</string>
			<key>sourceTree</key>
			<string>&lt;group&gt;</string>
		</dict>
		<key>B33E148C1723424B004EF8C7</key>
		<dict>
			<key>isa</key>
			<string>PBXFileReference</string>
			<key>lastKnownFileType</key>
			<string>image.png</string>
			<key>name</key>
			<string>magnifying_glass_15x15_active@2x.png</string>
			<key>path</key>
			<string>Resources/magnifying_glass_15x15_active@2x.png</string>
			<key>sourceTree</key>
			<string>&lt;group&gt;</string>
		</dict>
		<key>B33E148D1723424B004EF8C7</key>
		<dict>
			<key>fileRef</key>
			<string>B33E148B1723424B004EF8C7</string>
			<key>isa</key>
			<string>PBXBuildFile</string>
		</dict>
		<key>B33E148E1723424B004EF8C7</key>
		<dict>
			<key>fileRef</key>
			<string>B33E148C1723424B004EF8C7</string>
			<key>isa</key>
			<string>PBXBuildFile</string>
		</dict>
		<key>B343752916D18FF200F19105</key>
		<dict>
			<key>isa</key>
			<string>PBXFileReference</string>
			<key>lastKnownFileType</key>
			<string>image.png</string>
			<key>name</key>
			<string>Default@2x.png</string>
			<key>path</key>
			<string>Resources/Default@2x.png</string>
			<key>sourceTree</key>
			<string>&lt;group&gt;</string>
		</dict>
		<key>B343752A16D18FF200F19105</key>
		<dict>
			<key>isa</key>
			<string>PBXFileReference</string>
			<key>lastKnownFileType</key>
			<string>image.png</string>
			<key>name</key>
			<string>iana_icon@2x.png</string>
			<key>path</key>
			<string>Resources/iana_icon@2x.png</string>
			<key>sourceTree</key>
			<string>&lt;group&gt;</string>
		</dict>
		<key>B343752B16D18FF200F19105</key>
		<dict>
			<key>isa</key>
			<string>PBXFileReference</string>
			<key>lastKnownFileType</key>
			<string>image.png</string>
			<key>name</key>
			<string>magnifying_glass_15x15@2x.png</string>
			<key>path</key>
			<string>Resources/magnifying_glass_15x15@2x.png</string>
			<key>sourceTree</key>
			<string>&lt;group&gt;</string>
		</dict>
		<key>B343752C16D18FF200F19105</key>
		<dict>
			<key>isa</key>
			<string>PBXFileReference</string>
			<key>lastKnownFileType</key>
			<string>image.png</string>
			<key>name</key>
			<string>magnifying_glass@2x.png</string>
			<key>path</key>
			<string>Resources/magnifying_glass@2x.png</string>
			<key>sourceTree</key>
			<string>&lt;group&gt;</string>
		</dict>
		<key>B343752D16D18FF200F19105</key>
		<dict>
			<key>isa</key>
			<string>PBXFileReference</string>
			<key>lastKnownFileType</key>
			<string>image.png</string>
			<key>name</key>
			<string>wiki_icon@2x.png</string>
			<key>path</key>
			<string>Resources/wiki_icon@2x.png</string>
			<key>sourceTree</key>
			<string>&lt;group&gt;</string>
		</dict>
		<key>B343752E16D18FF200F19105</key>
		<dict>
			<key>fileRef</key>
			<string>B343752916D18FF200F19105</string>
			<key>isa</key>
			<string>PBXBuildFile</string>
		</dict>
		<key>B343752F16D18FF200F19105</key>
		<dict>
			<key>fileRef</key>
			<string>B343752A16D18FF200F19105</string>
			<key>isa</key>
			<string>PBXBuildFile</string>
		</dict>
		<key>B343753016D18FF200F19105</key>
		<dict>
			<key>fileRef</key>
			<string>B343752B16D18FF200F19105</string>
			<key>isa</key>
			<string>PBXBuildFile</string>
		</dict>
		<key>B343753116D18FF200F19105</key>
		<dict>
			<key>fileRef</key>
			<string>B343752C16D18FF200F19105</string>
			<key>isa</key>
			<string>PBXBuildFile</string>
		</dict>
		<key>B343753216D18FF200F19105</key>
		<dict>
			<key>fileRef</key>
			<string>B343752D16D18FF200F19105</string>
			<key>isa</key>
			<string>PBXBuildFile</string>
		</dict>
		<key>B343753316D1902600F19105</key>
		<dict>
			<key>isa</key>
			<string>PBXFileReference</string>
			<key>lastKnownFileType</key>
			<string>image.png</string>
			<key>name</key>
			<string>web@2x.png</string>
			<key>path</key>
			<string>Resources/web@2x.png</string>
			<key>sourceTree</key>
			<string>&lt;group&gt;</string>
		</dict>
		<key>B343753416D1902600F19105</key>
		<dict>
			<key>fileRef</key>
			<string>B343753316D1902600F19105</string>
			<key>isa</key>
			<string>PBXBuildFile</string>
		</dict>
		<key>B3C3C7F4F82D490C8BE97F08</key>
		<dict>
			<key>includeInIndex</key>
			<string>1</string>
			<key>isa</key>
			<string>PBXFileReference</string>
			<key>lastKnownFileType</key>
			<string>text.xcconfig</string>
			<key>name</key>
			<string>Pods.xcconfig</string>
			<key>path</key>
			<string>Pods/Pods.xcconfig</string>
			<key>sourceTree</key>
			<string>SOURCE_ROOT</string>
		</dict>
		<key>B3E7CD8E16D1799200987200</key>
		<dict>
			<key>isa</key>
			<string>PBXFileReference</string>
			<key>lastKnownFileType</key>
			<string>image.png</string>
			<key>name</key>
			<string>Default-568h@2x.png</string>
			<key>path</key>
			<string>Resources/Default-568h@2x.png</string>
			<key>sourceTree</key>
			<string>&lt;group&gt;</string>
		</dict>
		<key>B3E7CD9016D1799200987200</key>
		<dict>
			<key>fileRef</key>
			<string>B3E7CD8E16D1799200987200</string>
			<key>isa</key>
			<string>PBXBuildFile</string>
		</dict>
		<key>BA0FCCBC10959E6700593B42</key>
		<dict>
			<key>children</key>
			<array>
				<string>BA57B9E211226BE200EFE452</string>
				<string>BA57B9E311226BE200EFE452</string>
			</array>
			<key>isa</key>
			<string>PBXGroup</string>
			<key>name</key>
			<string>History</string>
			<key>sourceTree</key>
			<string>&lt;group&gt;</string>
		</dict>
		<key>BA0FCD361095A87F00593B42</key>
		<dict>
			<key>fileRef</key>
			<string>288765FC0DF74451002DB57D</string>
			<key>isa</key>
			<string>PBXBuildFile</string>
		</dict>
		<key>BA57752D108EDAAA00C6828C</key>
		<dict>
			<key>fileEncoding</key>
			<string>4</string>
			<key>isa</key>
			<string>PBXFileReference</string>
			<key>lastKnownFileType</key>
			<string>sourcecode.c.h</string>
			<key>name</key>
			<string>ResultViewController.h</string>
			<key>path</key>
			<string>Classes/ResultViewController.h</string>
			<key>sourceTree</key>
			<string>&lt;group&gt;</string>
		</dict>
		<key>BA57752E108EDAAA00C6828C</key>
		<dict>
			<key>fileEncoding</key>
			<string>4</string>
			<key>isa</key>
			<string>PBXFileReference</string>
			<key>lastKnownFileType</key>
			<string>sourcecode.c.objc</string>
			<key>name</key>
			<string>ResultViewController.m</string>
			<key>path</key>
			<string>Classes/ResultViewController.m</string>
			<key>sourceTree</key>
			<string>&lt;group&gt;</string>
		</dict>
		<key>BA577530108EDAAA00C6828C</key>
		<dict>
			<key>fileRef</key>
			<string>BA57752E108EDAAA00C6828C</string>
			<key>isa</key>
			<string>PBXBuildFile</string>
		</dict>
		<key>BA57B95811225EB900EFE452</key>
		<dict>
			<key>children</key>
			<array>
				<string>BA57B9A911226B9A00EFE452</string>
				<string>BA57B9AA11226B9A00EFE452</string>
				<string>BA57B9AB11226B9A00EFE452</string>
				<string>BA57B9AC11226B9A00EFE452</string>
				<string>BA57B9AD11226B9A00EFE452</string>
				<string>BA57B9AE11226B9A00EFE452</string>
				<string>BA57B9AF11226B9A00EFE452</string>
				<string>BA57B9B011226B9A00EFE452</string>
				<string>BA57B9B111226B9A00EFE452</string>
				<string>BA57B9B211226B9A00EFE452</string>
				<string>BA57B9B311226B9A00EFE452</string>
				<string>BA57B9B411226B9A00EFE452</string>
				<string>BA57B9B511226B9A00EFE452</string>
				<string>BA57B9B611226B9A00EFE452</string>
				<string>BA57B9B711226B9A00EFE452</string>
				<string>BA57B9B811226B9A00EFE452</string>
			</array>
			<key>isa</key>
			<string>PBXGroup</string>
			<key>name</key>
			<string>CJSON</string>
			<key>sourceTree</key>
			<string>&lt;group&gt;</string>
		</dict>
		<key>BA57B95E11226AC400EFE452</key>
		<dict>
			<key>fileEncoding</key>
			<string>4</string>
			<key>isa</key>
			<string>PBXFileReference</string>
			<key>lastKnownFileType</key>
			<string>sourcecode.c.h</string>
			<key>name</key>
			<string>NSMutableArray+Extensions.h</string>
			<key>path</key>
			<string>Additions/NSMutableArray+Extensions.h</string>
			<key>sourceTree</key>
			<string>&lt;group&gt;</string>
		</dict>
		<key>BA57B95F11226AC400EFE452</key>
		<dict>
			<key>fileEncoding</key>
			<string>4</string>
			<key>isa</key>
			<string>PBXFileReference</string>
			<key>lastKnownFileType</key>
			<string>sourcecode.c.objc</string>
			<key>name</key>
			<string>NSMutableArray+Extensions.m</string>
			<key>path</key>
			<string>Additions/NSMutableArray+Extensions.m</string>
			<key>sourceTree</key>
			<string>&lt;group&gt;</string>
		</dict>
		<key>BA57B96011226AC400EFE452</key>
		<dict>
			<key>fileEncoding</key>
			<string>4</string>
			<key>isa</key>
			<string>PBXFileReference</string>
			<key>lastKnownFileType</key>
			<string>sourcecode.c.h</string>
			<key>name</key>
			<string>NSObject+Extensions.h</string>
			<key>path</key>
			<string>Additions/NSObject+Extensions.h</string>
			<key>sourceTree</key>
			<string>&lt;group&gt;</string>
		</dict>
		<key>BA57B96111226AC400EFE452</key>
		<dict>
			<key>fileEncoding</key>
			<string>4</string>
			<key>isa</key>
			<string>PBXFileReference</string>
			<key>lastKnownFileType</key>
			<string>sourcecode.c.objc</string>
			<key>name</key>
			<string>NSObject+Extensions.m</string>
			<key>path</key>
			<string>Additions/NSObject+Extensions.m</string>
			<key>sourceTree</key>
			<string>&lt;group&gt;</string>
		</dict>
		<key>BA57B96211226AC400EFE452</key>
		<dict>
			<key>fileEncoding</key>
			<string>4</string>
			<key>isa</key>
			<string>PBXFileReference</string>
			<key>lastKnownFileType</key>
			<string>sourcecode.c.h</string>
			<key>name</key>
			<string>NSScanner+Extensions.h</string>
			<key>path</key>
			<string>Additions/NSScanner+Extensions.h</string>
			<key>sourceTree</key>
			<string>&lt;group&gt;</string>
		</dict>
		<key>BA57B96311226AC400EFE452</key>
		<dict>
			<key>fileEncoding</key>
			<string>4</string>
			<key>isa</key>
			<string>PBXFileReference</string>
			<key>lastKnownFileType</key>
			<string>sourcecode.c.objc</string>
			<key>name</key>
			<string>NSScanner+Extensions.m</string>
			<key>path</key>
			<string>Additions/NSScanner+Extensions.m</string>
			<key>sourceTree</key>
			<string>&lt;group&gt;</string>
		</dict>
		<key>BA57B96411226AC400EFE452</key>
		<dict>
			<key>fileEncoding</key>
			<string>4</string>
			<key>isa</key>
			<string>PBXFileReference</string>
			<key>lastKnownFileType</key>
			<string>sourcecode.c.h</string>
			<key>name</key>
			<string>NSString+Extensions.h</string>
			<key>path</key>
			<string>Additions/NSString+Extensions.h</string>
			<key>sourceTree</key>
			<string>&lt;group&gt;</string>
		</dict>
		<key>BA57B96511226AC400EFE452</key>
		<dict>
			<key>fileEncoding</key>
			<string>4</string>
			<key>isa</key>
			<string>PBXFileReference</string>
			<key>lastKnownFileType</key>
			<string>sourcecode.c.objc</string>
			<key>name</key>
			<string>NSString+Extensions.m</string>
			<key>path</key>
			<string>Additions/NSString+Extensions.m</string>
			<key>sourceTree</key>
			<string>&lt;group&gt;</string>
		</dict>
		<key>BA57B96611226AC400EFE452</key>
		<dict>
			<key>fileEncoding</key>
			<string>4</string>
			<key>isa</key>
			<string>PBXFileReference</string>
			<key>lastKnownFileType</key>
			<string>sourcecode.c.h</string>
			<key>name</key>
			<string>NSUserDefaults+Extensions.h</string>
			<key>path</key>
			<string>Additions/NSUserDefaults+Extensions.h</string>
			<key>sourceTree</key>
			<string>&lt;group&gt;</string>
		</dict>
		<key>BA57B96711226AC400EFE452</key>
		<dict>
			<key>fileEncoding</key>
			<string>4</string>
			<key>isa</key>
			<string>PBXFileReference</string>
			<key>lastKnownFileType</key>
			<string>sourcecode.c.objc</string>
			<key>name</key>
			<string>NSUserDefaults+Extensions.m</string>
			<key>path</key>
			<string>Additions/NSUserDefaults+Extensions.m</string>
			<key>sourceTree</key>
			<string>&lt;group&gt;</string>
		</dict>
		<key>BA57B96811226AC400EFE452</key>
		<dict>
			<key>fileEncoding</key>
			<string>4</string>
			<key>isa</key>
			<string>PBXFileReference</string>
			<key>lastKnownFileType</key>
			<string>sourcecode.c.h</string>
			<key>name</key>
			<string>Reachability.h</string>
			<key>path</key>
			<string>Additions/Reachability.h</string>
			<key>sourceTree</key>
			<string>&lt;group&gt;</string>
		</dict>
		<key>BA57B96911226AC400EFE452</key>
		<dict>
			<key>fileEncoding</key>
			<string>4</string>
			<key>isa</key>
			<string>PBXFileReference</string>
			<key>lastKnownFileType</key>
			<string>sourcecode.c.objc</string>
			<key>name</key>
			<string>Reachability.m</string>
			<key>path</key>
			<string>Additions/Reachability.m</string>
			<key>sourceTree</key>
			<string>&lt;group&gt;</string>
		</dict>
		<key>BA57B96A11226AC400EFE452</key>
		<dict>
			<key>fileEncoding</key>
			<string>4</string>
			<key>isa</key>
			<string>PBXFileReference</string>
			<key>lastKnownFileType</key>
			<string>sourcecode.c.h</string>
			<key>name</key>
			<string>SDImage.h</string>
			<key>path</key>
			<string>Additions/SDImage.h</string>
			<key>sourceTree</key>
			<string>&lt;group&gt;</string>
		</dict>
		<key>BA57B96B11226AC400EFE452</key>
		<dict>
			<key>fileEncoding</key>
			<string>4</string>
			<key>isa</key>
			<string>PBXFileReference</string>
			<key>lastKnownFileType</key>
			<string>sourcecode.c.objc</string>
			<key>name</key>
			<string>SDImage.m</string>
			<key>path</key>
			<string>Additions/SDImage.m</string>
			<key>sourceTree</key>
			<string>&lt;group&gt;</string>
		</dict>
		<key>BA57B96C11226AC400EFE452</key>
		<dict>
			<key>fileEncoding</key>
			<string>4</string>
			<key>isa</key>
			<string>PBXFileReference</string>
			<key>lastKnownFileType</key>
			<string>sourcecode.c.h</string>
			<key>name</key>
			<string>UIAlertView+Extensions.h</string>
			<key>path</key>
			<string>Additions/UIAlertView+Extensions.h</string>
			<key>sourceTree</key>
			<string>&lt;group&gt;</string>
		</dict>
		<key>BA57B96D11226AC400EFE452</key>
		<dict>
			<key>fileEncoding</key>
			<string>4</string>
			<key>isa</key>
			<string>PBXFileReference</string>
			<key>lastKnownFileType</key>
			<string>sourcecode.c.objc</string>
			<key>name</key>
			<string>UIAlertView+Extensions.m</string>
			<key>path</key>
			<string>Additions/UIAlertView+Extensions.m</string>
			<key>sourceTree</key>
			<string>&lt;group&gt;</string>
		</dict>
		<key>BA57B96E11226AC400EFE452</key>
		<dict>
			<key>fileEncoding</key>
			<string>4</string>
			<key>isa</key>
			<string>PBXFileReference</string>
			<key>lastKnownFileType</key>
			<string>sourcecode.c.h</string>
			<key>name</key>
			<string>UITableView+Extensions.h</string>
			<key>path</key>
			<string>Additions/UITableView+Extensions.h</string>
			<key>sourceTree</key>
			<string>&lt;group&gt;</string>
		</dict>
		<key>BA57B96F11226AC400EFE452</key>
		<dict>
			<key>fileEncoding</key>
			<string>4</string>
			<key>isa</key>
			<string>PBXFileReference</string>
			<key>lastKnownFileType</key>
			<string>sourcecode.c.objc</string>
			<key>name</key>
			<string>UITableView+Extensions.m</string>
			<key>path</key>
			<string>Additions/UITableView+Extensions.m</string>
			<key>sourceTree</key>
			<string>&lt;group&gt;</string>
		</dict>
		<key>BA57B97011226AC400EFE452</key>
		<dict>
			<key>fileRef</key>
			<string>BA57B95F11226AC400EFE452</string>
			<key>isa</key>
			<string>PBXBuildFile</string>
		</dict>
		<key>BA57B97111226AC400EFE452</key>
		<dict>
			<key>fileRef</key>
			<string>BA57B96111226AC400EFE452</string>
			<key>isa</key>
			<string>PBXBuildFile</string>
		</dict>
		<key>BA57B97211226AC400EFE452</key>
		<dict>
			<key>fileRef</key>
			<string>BA57B96311226AC400EFE452</string>
			<key>isa</key>
			<string>PBXBuildFile</string>
		</dict>
		<key>BA57B97311226AC400EFE452</key>
		<dict>
			<key>fileRef</key>
			<string>BA57B96511226AC400EFE452</string>
			<key>isa</key>
			<string>PBXBuildFile</string>
		</dict>
		<key>BA57B97411226AC400EFE452</key>
		<dict>
			<key>fileRef</key>
			<string>BA57B96711226AC400EFE452</string>
			<key>isa</key>
			<string>PBXBuildFile</string>
		</dict>
		<key>BA57B97511226AC400EFE452</key>
		<dict>
			<key>fileRef</key>
			<string>BA57B96911226AC400EFE452</string>
			<key>isa</key>
			<string>PBXBuildFile</string>
		</dict>
		<key>BA57B97611226AC400EFE452</key>
		<dict>
			<key>fileRef</key>
			<string>BA57B96B11226AC400EFE452</string>
			<key>isa</key>
			<string>PBXBuildFile</string>
		</dict>
		<key>BA57B97711226AC400EFE452</key>
		<dict>
			<key>fileRef</key>
			<string>BA57B96D11226AC400EFE452</string>
			<key>isa</key>
			<string>PBXBuildFile</string>
		</dict>
		<key>BA57B97811226AC400EFE452</key>
		<dict>
			<key>fileRef</key>
			<string>BA57B96F11226AC400EFE452</string>
			<key>isa</key>
			<string>PBXBuildFile</string>
		</dict>
		<key>BA57B97B11226B7700EFE452</key>
		<dict>
			<key>isa</key>
			<string>PBXFileReference</string>
			<key>lastKnownFileType</key>
			<string>image.png</string>
			<key>name</key>
			<string>Default.png</string>
			<key>path</key>
			<string>Resources/Default.png</string>
			<key>sourceTree</key>
			<string>&lt;group&gt;</string>
		</dict>
		<key>BA57B98111226B7700EFE452</key>
		<dict>
			<key>isa</key>
			<string>PBXFileReference</string>
			<key>lastKnownFileType</key>
			<string>image.png</string>
			<key>name</key>
			<string>available.png</string>
			<key>path</key>
			<string>Resources/available.png</string>
			<key>sourceTree</key>
			<string>&lt;group&gt;</string>
		</dict>
		<key>BA57B98211226B7700EFE452</key>
		<dict>
			<key>isa</key>
			<string>PBXFileReference</string>
			<key>lastKnownFileType</key>
			<string>image.png</string>
			<key>name</key>
			<string>Back.png</string>
			<key>path</key>
			<string>Resources/Back.png</string>
			<key>sourceTree</key>
			<string>&lt;group&gt;</string>
		</dict>
		<key>BA57B98511226B7700EFE452</key>
		<dict>
			<key>isa</key>
			<string>PBXFileReference</string>
			<key>lastKnownFileType</key>
			<string>image.png</string>
			<key>name</key>
			<string>Forward.png</string>
			<key>path</key>
			<string>Resources/Forward.png</string>
			<key>sourceTree</key>
			<string>&lt;group&gt;</string>
		</dict>
		<key>BA57B98611226B7700EFE452</key>
		<dict>
			<key>isa</key>
			<string>PBXFileReference</string>
			<key>lastKnownFileType</key>
			<string>image.png</string>
			<key>name</key>
			<string>icon.png</string>
			<key>path</key>
			<string>Resources/icon.png</string>
			<key>sourceTree</key>
			<string>&lt;group&gt;</string>
		</dict>
		<key>BA57B98711226B7700EFE452</key>
		<dict>
			<key>isa</key>
			<string>PBXFileReference</string>
			<key>lastKnownFileType</key>
			<string>image.png</string>
			<key>name</key>
			<string>IndicatorMask.png</string>
			<key>path</key>
			<string>Resources/IndicatorMask.png</string>
			<key>sourceTree</key>
			<string>&lt;group&gt;</string>
		</dict>
		<key>BA57B98811226B7700EFE452</key>
		<dict>
			<key>isa</key>
			<string>PBXFileReference</string>
			<key>lastKnownFileType</key>
			<string>image.png</string>
			<key>name</key>
			<string>info.png</string>
			<key>path</key>
			<string>Resources/info.png</string>
			<key>sourceTree</key>
			<string>&lt;group&gt;</string>
		</dict>
		<key>BA57B98911226B7700EFE452</key>
		<dict>
			<key>isa</key>
			<string>PBXFileReference</string>
			<key>lastKnownFileType</key>
			<string>image.png</string>
			<key>name</key>
			<string>magnifying_glass_15x15.png</string>
			<key>path</key>
			<string>Resources/magnifying_glass_15x15.png</string>
			<key>sourceTree</key>
			<string>&lt;group&gt;</string>
		</dict>
		<key>BA57B98A11226B7700EFE452</key>
		<dict>
			<key>isa</key>
			<string>PBXFileReference</string>
			<key>lastKnownFileType</key>
			<string>image.png</string>
			<key>name</key>
			<string>magnifying_glass.png</string>
			<key>path</key>
			<string>Resources/magnifying_glass.png</string>
			<key>sourceTree</key>
			<string>&lt;group&gt;</string>
		</dict>
		<key>BA57B98B11226B7700EFE452</key>
		<dict>
			<key>isa</key>
			<string>PBXFileReference</string>
			<key>lastKnownFileType</key>
			<string>image.png</string>
			<key>name</key>
			<string>maybe.png</string>
			<key>path</key>
			<string>Resources/maybe.png</string>
			<key>sourceTree</key>
			<string>&lt;group&gt;</string>
		</dict>
		<key>BA57B98D11226B7700EFE452</key>
		<dict>
			<key>isa</key>
			<string>PBXFileReference</string>
			<key>lastKnownFileType</key>
			<string>image.png</string>
			<key>name</key>
			<string>tld.png</string>
			<key>path</key>
			<string>Resources/tld.png</string>
			<key>sourceTree</key>
			<string>&lt;group&gt;</string>
		</dict>
		<key>BA57B99011226B7700EFE452</key>
		<dict>
			<key>isa</key>
			<string>PBXFileReference</string>
			<key>lastKnownFileType</key>
			<string>image.png</string>
			<key>name</key>
			<string>TopShadow.png</string>
			<key>path</key>
			<string>Resources/TopShadow.png</string>
			<key>sourceTree</key>
			<string>&lt;group&gt;</string>
		</dict>
		<key>BA57B99111226B7700EFE452</key>
		<dict>
			<key>isa</key>
			<string>PBXFileReference</string>
			<key>lastKnownFileType</key>
			<string>image.png</string>
			<key>name</key>
			<string>web.png</string>
			<key>path</key>
			<string>Resources/web.png</string>
			<key>sourceTree</key>
			<string>&lt;group&gt;</string>
		</dict>
		<key>BA57B99211226B7700EFE452</key>
		<dict>
			<key>fileRef</key>
			<string>BA57B97B11226B7700EFE452</string>
			<key>isa</key>
			<string>PBXBuildFile</string>
		</dict>
		<key>BA57B99811226B7700EFE452</key>
		<dict>
			<key>fileRef</key>
			<string>BA57B98111226B7700EFE452</string>
			<key>isa</key>
			<string>PBXBuildFile</string>
		</dict>
		<key>BA57B99911226B7700EFE452</key>
		<dict>
			<key>fileRef</key>
			<string>BA57B98211226B7700EFE452</string>
			<key>isa</key>
			<string>PBXBuildFile</string>
		</dict>
		<key>BA57B99C11226B7700EFE452</key>
		<dict>
			<key>fileRef</key>
			<string>BA57B98511226B7700EFE452</string>
			<key>isa</key>
			<string>PBXBuildFile</string>
		</dict>
		<key>BA57B99D11226B7700EFE452</key>
		<dict>
			<key>fileRef</key>
			<string>BA57B98611226B7700EFE452</string>
			<key>isa</key>
			<string>PBXBuildFile</string>
		</dict>
		<key>BA57B99E11226B7700EFE452</key>
		<dict>
			<key>fileRef</key>
			<string>BA57B98711226B7700EFE452</string>
			<key>isa</key>
			<string>PBXBuildFile</string>
		</dict>
		<key>BA57B99F11226B7700EFE452</key>
		<dict>
			<key>fileRef</key>
			<string>BA57B98811226B7700EFE452</string>
			<key>isa</key>
			<string>PBXBuildFile</string>
		</dict>
		<key>BA57B9A011226B7700EFE452</key>
		<dict>
			<key>fileRef</key>
			<string>BA57B98911226B7700EFE452</string>
			<key>isa</key>
			<string>PBXBuildFile</string>
		</dict>
		<key>BA57B9A111226B7700EFE452</key>
		<dict>
			<key>fileRef</key>
			<string>BA57B98A11226B7700EFE452</string>
			<key>isa</key>
			<string>PBXBuildFile</string>
		</dict>
		<key>BA57B9A211226B7700EFE452</key>
		<dict>
			<key>fileRef</key>
			<string>BA57B98B11226B7700EFE452</string>
			<key>isa</key>
			<string>PBXBuildFile</string>
		</dict>
		<key>BA57B9A411226B7700EFE452</key>
		<dict>
			<key>fileRef</key>
			<string>BA57B98D11226B7700EFE452</string>
			<key>isa</key>
			<string>PBXBuildFile</string>
		</dict>
		<key>BA57B9A711226B7700EFE452</key>
		<dict>
			<key>fileRef</key>
			<string>BA57B99011226B7700EFE452</string>
			<key>isa</key>
			<string>PBXBuildFile</string>
		</dict>
		<key>BA57B9A811226B7700EFE452</key>
		<dict>
			<key>fileRef</key>
			<string>BA57B99111226B7700EFE452</string>
			<key>isa</key>
			<string>PBXBuildFile</string>
		</dict>
		<key>BA57B9A911226B9A00EFE452</key>
		<dict>
			<key>fileEncoding</key>
			<string>4</string>
			<key>isa</key>
			<string>PBXFileReference</string>
			<key>lastKnownFileType</key>
			<string>sourcecode.c.h</string>
			<key>name</key>
			<string>CDataScanner_Extensions.h</string>
			<key>path</key>
			<string>Frameworks/CJSON/CDataScanner_Extensions.h</string>
			<key>sourceTree</key>
			<string>&lt;group&gt;</string>
		</dict>
		<key>BA57B9AA11226B9A00EFE452</key>
		<dict>
			<key>fileEncoding</key>
			<string>4</string>
			<key>isa</key>
			<string>PBXFileReference</string>
			<key>lastKnownFileType</key>
			<string>sourcecode.c.objc</string>
			<key>name</key>
			<string>CDataScanner_Extensions.m</string>
			<key>path</key>
			<string>Frameworks/CJSON/CDataScanner_Extensions.m</string>
			<key>sourceTree</key>
			<string>&lt;group&gt;</string>
		</dict>
		<key>BA57B9AB11226B9A00EFE452</key>
		<dict>
			<key>fileEncoding</key>
			<string>4</string>
			<key>isa</key>
			<string>PBXFileReference</string>
			<key>lastKnownFileType</key>
			<string>sourcecode.c.h</string>
			<key>name</key>
			<string>CDataScanner.h</string>
			<key>path</key>
			<string>Frameworks/CJSON/CDataScanner.h</string>
			<key>sourceTree</key>
			<string>&lt;group&gt;</string>
		</dict>
		<key>BA57B9AC11226B9A00EFE452</key>
		<dict>
			<key>fileEncoding</key>
			<string>4</string>
			<key>isa</key>
			<string>PBXFileReference</string>
			<key>lastKnownFileType</key>
			<string>sourcecode.c.objc</string>
			<key>name</key>
			<string>CDataScanner.m</string>
			<key>path</key>
			<string>Frameworks/CJSON/CDataScanner.m</string>
			<key>sourceTree</key>
			<string>&lt;group&gt;</string>
		</dict>
		<key>BA57B9AD11226B9A00EFE452</key>
		<dict>
			<key>fileEncoding</key>
			<string>4</string>
			<key>isa</key>
			<string>PBXFileReference</string>
			<key>lastKnownFileType</key>
			<string>sourcecode.c.h</string>
			<key>name</key>
			<string>CJSONDeserializer.h</string>
			<key>path</key>
			<string>Frameworks/CJSON/CJSONDeserializer.h</string>
			<key>sourceTree</key>
			<string>&lt;group&gt;</string>
		</dict>
		<key>BA57B9AE11226B9A00EFE452</key>
		<dict>
			<key>fileEncoding</key>
			<string>4</string>
			<key>isa</key>
			<string>PBXFileReference</string>
			<key>lastKnownFileType</key>
			<string>sourcecode.c.objc</string>
			<key>name</key>
			<string>CJSONDeserializer.m</string>
			<key>path</key>
			<string>Frameworks/CJSON/CJSONDeserializer.m</string>
			<key>sourceTree</key>
			<string>&lt;group&gt;</string>
		</dict>
		<key>BA57B9AF11226B9A00EFE452</key>
		<dict>
			<key>fileEncoding</key>
			<string>4</string>
			<key>isa</key>
			<string>PBXFileReference</string>
			<key>lastKnownFileType</key>
			<string>sourcecode.c.h</string>
			<key>name</key>
			<string>CJSONScanner.h</string>
			<key>path</key>
			<string>Frameworks/CJSON/CJSONScanner.h</string>
			<key>sourceTree</key>
			<string>&lt;group&gt;</string>
		</dict>
		<key>BA57B9B011226B9A00EFE452</key>
		<dict>
			<key>fileEncoding</key>
			<string>4</string>
			<key>isa</key>
			<string>PBXFileReference</string>
			<key>lastKnownFileType</key>
			<string>sourcecode.c.objc</string>
			<key>name</key>
			<string>CJSONScanner.m</string>
			<key>path</key>
			<string>Frameworks/CJSON/CJSONScanner.m</string>
			<key>sourceTree</key>
			<string>&lt;group&gt;</string>
		</dict>
		<key>BA57B9B111226B9A00EFE452</key>
		<dict>
			<key>fileEncoding</key>
			<string>4</string>
			<key>isa</key>
			<string>PBXFileReference</string>
			<key>lastKnownFileType</key>
			<string>sourcecode.c.h</string>
			<key>name</key>
			<string>CJSONSerializer.h</string>
			<key>path</key>
			<string>Frameworks/CJSON/CJSONSerializer.h</string>
			<key>sourceTree</key>
			<string>&lt;group&gt;</string>
		</dict>
		<key>BA57B9B211226B9A00EFE452</key>
		<dict>
			<key>fileEncoding</key>
			<string>4</string>
			<key>isa</key>
			<string>PBXFileReference</string>
			<key>lastKnownFileType</key>
			<string>sourcecode.c.objc</string>
			<key>name</key>
			<string>CJSONSerializer.m</string>
			<key>path</key>
			<string>Frameworks/CJSON/CJSONSerializer.m</string>
			<key>sourceTree</key>
			<string>&lt;group&gt;</string>
		</dict>
		<key>BA57B9B311226B9A00EFE452</key>
		<dict>
			<key>fileEncoding</key>
			<string>4</string>
			<key>isa</key>
			<string>PBXFileReference</string>
			<key>lastKnownFileType</key>
			<string>sourcecode.c.h</string>
			<key>name</key>
			<string>NSCharacterSet_Extensions.h</string>
			<key>path</key>
			<string>Frameworks/CJSON/NSCharacterSet_Extensions.h</string>
			<key>sourceTree</key>
			<string>&lt;group&gt;</string>
		</dict>
		<key>BA57B9B411226B9A00EFE452</key>
		<dict>
			<key>fileEncoding</key>
			<string>4</string>
			<key>isa</key>
			<string>PBXFileReference</string>
			<key>lastKnownFileType</key>
			<string>sourcecode.c.objc</string>
			<key>name</key>
			<string>NSCharacterSet_Extensions.m</string>
			<key>path</key>
			<string>Frameworks/CJSON/NSCharacterSet_Extensions.m</string>
			<key>sourceTree</key>
			<string>&lt;group&gt;</string>
		</dict>
		<key>BA57B9B511226B9A00EFE452</key>
		<dict>
			<key>fileEncoding</key>
			<string>4</string>
			<key>isa</key>
			<string>PBXFileReference</string>
			<key>lastKnownFileType</key>
			<string>sourcecode.c.h</string>
			<key>name</key>
			<string>NSDictionary_JSONExtensions.h</string>
			<key>path</key>
			<string>Frameworks/CJSON/NSDictionary_JSONExtensions.h</string>
			<key>sourceTree</key>
			<string>&lt;group&gt;</string>
		</dict>
		<key>BA57B9B611226B9A00EFE452</key>
		<dict>
			<key>fileEncoding</key>
			<string>4</string>
			<key>isa</key>
			<string>PBXFileReference</string>
			<key>lastKnownFileType</key>
			<string>sourcecode.c.objc</string>
			<key>name</key>
			<string>NSDictionary_JSONExtensions.m</string>
			<key>path</key>
			<string>Frameworks/CJSON/NSDictionary_JSONExtensions.m</string>
			<key>sourceTree</key>
			<string>&lt;group&gt;</string>
		</dict>
		<key>BA57B9B711226B9A00EFE452</key>
		<dict>
			<key>fileEncoding</key>
			<string>4</string>
			<key>isa</key>
			<string>PBXFileReference</string>
			<key>lastKnownFileType</key>
			<string>sourcecode.c.h</string>
			<key>name</key>
			<string>NSScanner_Extensions.h</string>
			<key>path</key>
			<string>Frameworks/CJSON/NSScanner_Extensions.h</string>
			<key>sourceTree</key>
			<string>&lt;group&gt;</string>
		</dict>
		<key>BA57B9B811226B9A00EFE452</key>
		<dict>
			<key>fileEncoding</key>
			<string>4</string>
			<key>isa</key>
			<string>PBXFileReference</string>
			<key>lastKnownFileType</key>
			<string>sourcecode.c.objc</string>
			<key>name</key>
			<string>NSScanner_Extensions.m</string>
			<key>path</key>
			<string>Frameworks/CJSON/NSScanner_Extensions.m</string>
			<key>sourceTree</key>
			<string>&lt;group&gt;</string>
		</dict>
		<key>BA57B9B911226B9A00EFE452</key>
		<dict>
			<key>fileRef</key>
			<string>BA57B9AA11226B9A00EFE452</string>
			<key>isa</key>
			<string>PBXBuildFile</string>
		</dict>
		<key>BA57B9BA11226B9A00EFE452</key>
		<dict>
			<key>fileRef</key>
			<string>BA57B9AC11226B9A00EFE452</string>
			<key>isa</key>
			<string>PBXBuildFile</string>
		</dict>
		<key>BA57B9BB11226B9A00EFE452</key>
		<dict>
			<key>fileRef</key>
			<string>BA57B9AE11226B9A00EFE452</string>
			<key>isa</key>
			<string>PBXBuildFile</string>
		</dict>
		<key>BA57B9BC11226B9A00EFE452</key>
		<dict>
			<key>fileRef</key>
			<string>BA57B9B011226B9A00EFE452</string>
			<key>isa</key>
			<string>PBXBuildFile</string>
		</dict>
		<key>BA57B9BD11226B9A00EFE452</key>
		<dict>
			<key>fileRef</key>
			<string>BA57B9B211226B9A00EFE452</string>
			<key>isa</key>
			<string>PBXBuildFile</string>
		</dict>
		<key>BA57B9BE11226B9A00EFE452</key>
		<dict>
			<key>fileRef</key>
			<string>BA57B9B411226B9A00EFE452</string>
			<key>isa</key>
			<string>PBXBuildFile</string>
		</dict>
		<key>BA57B9BF11226B9A00EFE452</key>
		<dict>
			<key>fileRef</key>
			<string>BA57B9B611226B9A00EFE452</string>
			<key>isa</key>
			<string>PBXBuildFile</string>
		</dict>
		<key>BA57B9C011226B9A00EFE452</key>
		<dict>
			<key>fileRef</key>
			<string>BA57B9B811226B9A00EFE452</string>
			<key>isa</key>
			<string>PBXBuildFile</string>
		</dict>
		<key>BA57B9E211226BE200EFE452</key>
		<dict>
			<key>fileEncoding</key>
			<string>4</string>
			<key>isa</key>
			<string>PBXFileReference</string>
			<key>lastKnownFileType</key>
			<string>sourcecode.c.h</string>
			<key>name</key>
			<string>Storage.h</string>
			<key>path</key>
			<string>Classes/Storage.h</string>
			<key>sourceTree</key>
			<string>&lt;group&gt;</string>
		</dict>
		<key>BA57B9E311226BE200EFE452</key>
		<dict>
			<key>fileEncoding</key>
			<string>4</string>
			<key>isa</key>
			<string>PBXFileReference</string>
			<key>lastKnownFileType</key>
			<string>sourcecode.c.objc</string>
			<key>name</key>
			<string>Storage.m</string>
			<key>path</key>
			<string>Classes/Storage.m</string>
			<key>sourceTree</key>
			<string>&lt;group&gt;</string>
		</dict>
		<key>BA57B9E411226BE200EFE452</key>
		<dict>
			<key>fileRef</key>
			<string>BA57B9E311226BE200EFE452</string>
			<key>isa</key>
			<string>PBXBuildFile</string>
		</dict>
		<key>BA61719F11226CB100137B2D</key>
		<dict>
			<key>isa</key>
			<string>PBXFileReference</string>
			<key>lastKnownFileType</key>
			<string>file.xib</string>
			<key>name</key>
			<string>WebViewController.xib</string>
			<key>path</key>
			<string>Resources/WebViewController.xib</string>
			<key>sourceTree</key>
			<string>&lt;group&gt;</string>
		</dict>
		<key>BA6171A011226CB100137B2D</key>
		<dict>
			<key>fileRef</key>
			<string>BA61719F11226CB100137B2D</string>
			<key>isa</key>
			<string>PBXBuildFile</string>
		</dict>
		<key>BA6171A111226CCF00137B2D</key>
		<dict>
			<key>fileEncoding</key>
			<string>4</string>
			<key>isa</key>
			<string>PBXFileReference</string>
			<key>lastKnownFileType</key>
			<string>sourcecode.c.h</string>
			<key>name</key>
			<string>WebViewController.h</string>
			<key>path</key>
			<string>Classes/WebViewController.h</string>
			<key>sourceTree</key>
			<string>&lt;group&gt;</string>
		</dict>
		<key>BA6171A211226CCF00137B2D</key>
		<dict>
			<key>fileEncoding</key>
			<string>4</string>
			<key>isa</key>
			<string>PBXFileReference</string>
			<key>lastKnownFileType</key>
			<string>sourcecode.c.objc</string>
			<key>name</key>
			<string>WebViewController.m</string>
			<key>path</key>
			<string>Classes/WebViewController.m</string>
			<key>sourceTree</key>
			<string>&lt;group&gt;</string>
		</dict>
		<key>BA6171A311226CCF00137B2D</key>
		<dict>
			<key>fileRef</key>
			<string>BA6171A211226CCF00137B2D</string>
			<key>isa</key>
			<string>PBXBuildFile</string>
		</dict>
		<key>BA6171A511226CD500137B2D</key>
		<dict>
			<key>children</key>
			<array>
				<string>BA61719F11226CB100137B2D</string>
			</array>
			<key>isa</key>
			<string>PBXGroup</string>
			<key>name</key>
			<string>Resources</string>
			<key>sourceTree</key>
			<string>&lt;group&gt;</string>
		</dict>
		<key>BA6171A611226CE600137B2D</key>
		<dict>
			<key>children</key>
			<array>
				<string>BAE6A0CB11729B2E00886226</string>
				<string>BA6171C511226DBB00137B2D</string>
				<string>BA6171A711226CF500137B2D</string>
			</array>
			<key>isa</key>
			<string>PBXGroup</string>
			<key>name</key>
			<string>Resources</string>
			<key>sourceTree</key>
			<string>&lt;group&gt;</string>
		</dict>
		<key>BA6171A711226CF500137B2D</key>
		<dict>
			<key>isa</key>
			<string>PBXFileReference</string>
			<key>lastKnownFileType</key>
			<string>file.xib</string>
			<key>name</key>
			<string>MainViewController.xib</string>
			<key>path</key>
			<string>Resources/MainViewController.xib</string>
			<key>sourceTree</key>
			<string>SOURCE_ROOT</string>
		</dict>
		<key>BA6171A811226CF500137B2D</key>
		<dict>
			<key>fileRef</key>
			<string>BA6171A711226CF500137B2D</string>
			<key>isa</key>
			<string>PBXBuildFile</string>
		</dict>
		<key>BA6171C511226DBB00137B2D</key>
		<dict>
			<key>isa</key>
			<string>PBXFileReference</string>
			<key>lastKnownFileType</key>
			<string>file.xib</string>
			<key>name</key>
			<string>MainWindow.xib</string>
			<key>path</key>
			<string>Resources/MainWindow.xib</string>
			<key>sourceTree</key>
			<string>SOURCE_ROOT</string>
		</dict>
		<key>BA6171C611226DBB00137B2D</key>
		<dict>
			<key>fileRef</key>
			<string>BA6171C511226DBB00137B2D</string>
			<key>isa</key>
			<string>PBXBuildFile</string>
		</dict>
		<key>BA6171CA11226DD500137B2D</key>
		<dict>
			<key>fileEncoding</key>
			<string>4</string>
			<key>isa</key>
			<string>PBXFileReference</string>
			<key>lastKnownFileType</key>
			<string>sourcecode.c.objc</string>
			<key>name</key>
			<string>main.m</string>
			<key>path</key>
			<string>Classes/main.m</string>
			<key>sourceTree</key>
			<string>&lt;group&gt;</string>
		</dict>
		<key>BA6171CB11226DD500137B2D</key>
		<dict>
			<key>fileRef</key>
			<string>BA6171CA11226DD500137B2D</string>
			<key>isa</key>
			<string>PBXBuildFile</string>
		</dict>
		<key>BA6171E8112270C700137B2D</key>
		<dict>
			<key>fileEncoding</key>
			<string>4</string>
			<key>isa</key>
			<string>PBXFileReference</string>
			<key>lastKnownFileType</key>
			<string>sourcecode.c.h</string>
			<key>path</key>
			<string>Domainr_Prefix.pch</string>
			<key>sourceTree</key>
			<string>&lt;group&gt;</string>
		</dict>
		<key>BA6172EB11228B9400137B2D</key>
		<dict>
			<key>fileEncoding</key>
			<string>4</string>
			<key>isa</key>
			<string>PBXFileReference</string>
			<key>lastKnownFileType</key>
			<string>sourcecode.c.h</string>
			<key>name</key>
			<string>RegistrarSelectorViewController.h</string>
			<key>path</key>
			<string>Classes/RegistrarSelectorViewController.h</string>
			<key>sourceTree</key>
			<string>&lt;group&gt;</string>
		</dict>
		<key>BA6172EC11228B9400137B2D</key>
		<dict>
			<key>fileEncoding</key>
			<string>4</string>
			<key>isa</key>
			<string>PBXFileReference</string>
			<key>lastKnownFileType</key>
			<string>sourcecode.c.objc</string>
			<key>name</key>
			<string>RegistrarSelectorViewController.m</string>
			<key>path</key>
			<string>Classes/RegistrarSelectorViewController.m</string>
			<key>sourceTree</key>
			<string>&lt;group&gt;</string>
		</dict>
		<key>BA6172EE11228B9400137B2D</key>
		<dict>
			<key>fileRef</key>
			<string>BA6172EC11228B9400137B2D</string>
			<key>isa</key>
			<string>PBXBuildFile</string>
		</dict>
		<key>BA61739311229EEE00137B2D</key>
		<dict>
			<key>isa</key>
			<string>PBXFileReference</string>
			<key>lastKnownFileType</key>
			<string>image.png</string>
			<key>name</key>
			<string>wiki_icon.png</string>
			<key>path</key>
			<string>Resources/wiki_icon.png</string>
			<key>sourceTree</key>
			<string>&lt;group&gt;</string>
		</dict>
		<key>BA61739411229EEE00137B2D</key>
		<dict>
			<key>fileRef</key>
			<string>BA61739311229EEE00137B2D</string>
			<key>isa</key>
			<string>PBXBuildFile</string>
		</dict>
		<key>BA6173B51122A15F00137B2D</key>
		<dict>
			<key>isa</key>
			<string>PBXFileReference</string>
			<key>lastKnownFileType</key>
			<string>image.png</string>
			<key>name</key>
			<string>iana_icon.png</string>
			<key>path</key>
			<string>Resources/iana_icon.png</string>
			<key>sourceTree</key>
			<string>&lt;group&gt;</string>
		</dict>
		<key>BA6173B61122A15F00137B2D</key>
		<dict>
			<key>fileRef</key>
			<string>BA6173B51122A15F00137B2D</string>
			<key>isa</key>
			<string>PBXBuildFile</string>
		</dict>
		<key>BA6173F21122B49600137B2D</key>
		<dict>
			<key>isa</key>
			<string>PBXFileReference</string>
			<key>lastKnownFileType</key>
			<string>wrapper.framework</string>
			<key>name</key>
			<string>QuartzCore.framework</string>
			<key>path</key>
			<string>System/Library/Frameworks/QuartzCore.framework</string>
			<key>sourceTree</key>
			<string>SDKROOT</string>
		</dict>
		<key>BA6173F31122B49600137B2D</key>
		<dict>
			<key>fileRef</key>
			<string>BA6173F21122B49600137B2D</string>
			<key>isa</key>
			<string>PBXBuildFile</string>
		</dict>
		<key>BA754CD1107987370024A629</key>
		<dict>
			<key>children</key>
			<array>
				<string>BA57B95E11226AC400EFE452</string>
				<string>BA57B95F11226AC400EFE452</string>
				<string>BA57B96011226AC400EFE452</string>
				<string>BA57B96111226AC400EFE452</string>
				<string>BA57B96211226AC400EFE452</string>
				<string>BA57B96311226AC400EFE452</string>
				<string>BA57B96411226AC400EFE452</string>
				<string>BA57B96511226AC400EFE452</string>
				<string>BA57B96611226AC400EFE452</string>
				<string>BA57B96711226AC400EFE452</string>
				<string>BA57B96811226AC400EFE452</string>
				<string>BA57B96911226AC400EFE452</string>
				<string>BA57B96A11226AC400EFE452</string>
				<string>BA57B96B11226AC400EFE452</string>
				<string>BA57B96C11226AC400EFE452</string>
				<string>BA57B96D11226AC400EFE452</string>
				<string>BA57B96E11226AC400EFE452</string>
				<string>BA57B96F11226AC400EFE452</string>
			</array>
			<key>isa</key>
			<string>PBXGroup</string>
			<key>name</key>
			<string>Additions</string>
			<key>sourceTree</key>
			<string>&lt;group&gt;</string>
		</dict>
		<key>BA8F24FF10905E1D000CBAF0</key>
		<dict>
			<key>isa</key>
			<string>PBXFileReference</string>
			<key>lastKnownFileType</key>
			<string>wrapper.framework</string>
			<key>name</key>
			<string>MessageUI.framework</string>
			<key>path</key>
			<string>System/Library/Frameworks/MessageUI.framework</string>
			<key>sourceTree</key>
			<string>SDKROOT</string>
		</dict>
		<key>BA8F250010905E1D000CBAF0</key>
		<dict>
			<key>fileRef</key>
			<string>BA8F24FF10905E1D000CBAF0</string>
			<key>isa</key>
			<string>PBXBuildFile</string>
		</dict>
		<key>BA8F27951092BCD3000CBAF0</key>
		<dict>
			<key>children</key>
			<array>
				<string>BA6171A511226CD500137B2D</string>
				<string>BA6171A111226CCF00137B2D</string>
				<string>BA6171A211226CCF00137B2D</string>
			</array>
			<key>isa</key>
			<string>PBXGroup</string>
			<key>name</key>
			<string>WebView</string>
			<key>sourceTree</key>
			<string>&lt;group&gt;</string>
		</dict>
		<key>BA9D0D2F0FCA4E7100E2B262</key>
		<dict>
			<key>fileEncoding</key>
			<string>4</string>
			<key>isa</key>
			<string>PBXFileReference</string>
			<key>lastKnownFileType</key>
			<string>sourcecode.c.h</string>
			<key>path</key>
			<string>MainViewController.h</string>
			<key>sourceTree</key>
			<string>&lt;group&gt;</string>
		</dict>
		<key>BA9D0D300FCA4E7100E2B262</key>
		<dict>
			<key>fileEncoding</key>
			<string>4</string>
			<key>isa</key>
			<string>PBXFileReference</string>
			<key>lastKnownFileType</key>
			<string>sourcecode.c.objc</string>
			<key>path</key>
			<string>MainViewController.m</string>
			<key>sourceTree</key>
			<string>&lt;group&gt;</string>
		</dict>
		<key>BA9D0D310FCA4E7100E2B262</key>
		<dict>
			<key>fileRef</key>
			<string>BA9D0D300FCA4E7100E2B262</string>
			<key>isa</key>
			<string>PBXBuildFile</string>
		</dict>
		<key>BA9D0D370FCA4FC000E2B262</key>
		<dict>
			<key>children</key>
			<array>
				<string>BA57B95811225EB900EFE452</string>
				<string>7F2C591E306A4E9C9C703210</string>
			</array>
			<key>isa</key>
			<string>PBXGroup</string>
			<key>name</key>
			<string>Frameworks</string>
			<key>sourceTree</key>
			<string>&lt;group&gt;</string>
		</dict>
		<key>BA9D0DD40FCA5FDB00E2B262</key>
		<dict>
			<key>isa</key>
			<string>PBXFileReference</string>
			<key>lastKnownFileType</key>
			<string>compiled.mach-o.dylib</string>
			<key>name</key>
			<string>libsqlite3.0.dylib</string>
			<key>path</key>
			<string>usr/lib/libsqlite3.0.dylib</string>
			<key>sourceTree</key>
			<string>SDKROOT</string>
		</dict>
		<key>BA9D0DD50FCA5FDB00E2B262</key>
		<dict>
			<key>fileRef</key>
			<string>BA9D0DD40FCA5FDB00E2B262</string>
			<key>isa</key>
			<string>PBXBuildFile</string>
		</dict>
		<key>BA9D0DDA0FCA602300E2B262</key>
		<dict>
			<key>isa</key>
			<string>PBXFileReference</string>
			<key>lastKnownFileType</key>
			<string>wrapper.framework</string>
			<key>name</key>
			<string>SystemConfiguration.framework</string>
			<key>path</key>
			<string>System/Library/Frameworks/SystemConfiguration.framework</string>
			<key>sourceTree</key>
			<string>SDKROOT</string>
		</dict>
		<key>BA9D0DDB0FCA602300E2B262</key>
		<dict>
			<key>fileRef</key>
			<string>BA9D0DDA0FCA602300E2B262</string>
			<key>isa</key>
			<string>PBXBuildFile</string>
		</dict>
		<key>BA9D0EF60FCA682700E2B262</key>
		<dict>
			<key>fileEncoding</key>
			<string>4</string>
			<key>isa</key>
			<string>PBXFileReference</string>
			<key>lastKnownFileType</key>
			<string>sourcecode.c.h</string>
			<key>name</key>
			<string>ResultCell.h</string>
			<key>path</key>
			<string>Classes/ResultCell.h</string>
			<key>sourceTree</key>
			<string>&lt;group&gt;</string>
		</dict>
		<key>BA9D0EF70FCA682700E2B262</key>
		<dict>
			<key>fileEncoding</key>
			<string>4</string>
			<key>isa</key>
			<string>PBXFileReference</string>
			<key>lastKnownFileType</key>
			<string>sourcecode.c.objc</string>
			<key>name</key>
			<string>ResultCell.m</string>
			<key>path</key>
			<string>Classes/ResultCell.m</string>
			<key>sourceTree</key>
			<string>&lt;group&gt;</string>
		</dict>
		<key>BA9D0EFB0FCA682700E2B262</key>
		<dict>
			<key>fileRef</key>
			<string>BA9D0EF70FCA682700E2B262</string>
			<key>isa</key>
			<string>PBXBuildFile</string>
		</dict>
		<key>BA9D10F10FCA8DA200E2B262</key>
		<dict>
			<key>fileEncoding</key>
			<string>4</string>
			<key>isa</key>
			<string>PBXFileReference</string>
			<key>lastKnownFileType</key>
			<string>text.plist.xml</string>
			<key>path</key>
			<string>Entitlements.plist</string>
			<key>sourceTree</key>
			<string>&lt;group&gt;</string>
		</dict>
		<key>BA9D10F20FCA8DA200E2B262</key>
		<dict>
			<key>fileRef</key>
			<string>BA9D10F10FCA8DA200E2B262</string>
			<key>isa</key>
			<string>PBXBuildFile</string>
		</dict>
		<key>BA9D11090FCA8DF500E2B262</key>
		<dict>
			<key>buildSettings</key>
			<dict>
				<key>ARCHS</key>
				<string>$(ARCHS_STANDARD_32_BIT)</string>
				<key>CODE_SIGN_ENTITLEMENTS</key>
				<string>Entitlements.plist</string>
				<key>CODE_SIGN_IDENTITY[sdk=iphoneos*]</key>
				<string>iPhone Distribution: nb.io, LLC</string>
				<key>GCC_C_LANGUAGE_STANDARD</key>
				<string>c99</string>
				<key>GCC_WARN_ABOUT_RETURN_TYPE</key>
				<string>YES</string>
				<key>GCC_WARN_UNUSED_VARIABLE</key>
				<string>YES</string>
				<key>INFOPLIST_FILE</key>
				<string>Info.plist</string>
				<key>IPHONEOS_DEPLOYMENT_TARGET</key>
				<string>6.1</string>
				<key>PROVISIONING_PROFILE[sdk=iphoneos*]</key>
				<string>891379EE-B730-45C1-943B-577DD4DC63E1</string>
				<key>SDKROOT</key>
				<string>iphoneos</string>
			</dict>
			<key>isa</key>
			<string>XCBuildConfiguration</string>
			<key>name</key>
			<string>AdHoc</string>
		</dict>
		<key>BA9D110A0FCA8DF500E2B262</key>
		<dict>
			<key>baseConfigurationReference</key>
			<string>B3C3C7F4F82D490C8BE97F08</string>
			<key>buildSettings</key>
			<dict>
				<key>ALWAYS_SEARCH_USER_PATHS</key>
				<string>NO</string>
				<key>CODE_SIGN_IDENTITY</key>
				<string>iPhone Distribution: nb.io, LLC (95TFR6S6T9)</string>
				<key>CODE_SIGN_IDENTITY[sdk=iphoneos*]</key>
				<string>iPhone Distribution: nb.io, LLC</string>
				<key>COPY_PHASE_STRIP</key>
				<string>YES</string>
				<key>GCC_PRECOMPILE_PREFIX_HEADER</key>
				<string>YES</string>
				<key>GCC_PREFIX_HEADER</key>
				<string>Domainr_Prefix.pch</string>
				<key>INFOPLIST_FILE</key>
				<string>Info.plist</string>
				<key>IPHONEOS_DEPLOYMENT_TARGET</key>
				<string>4.3</string>
				<key>LIBRARY_SEARCH_PATHS</key>
				<array>
					<string>$(inherited)</string>
					<string>"$(SRCROOT)"</string>
					<string>"$(SRCROOT)/FlurryAnalytics"</string>
					<string>"$(SRCROOT)/Flurry"</string>
				</array>
				<key>PRODUCT_NAME</key>
				<string>Domainr</string>
				<key>PROVISIONING_PROFILE</key>
				<string>25F3F068-D256-4810-9CA2-2EAA05224B6C</string>
				<key>PROVISIONING_PROFILE[sdk=iphoneos*]</key>
				<string>25F3F068-D256-4810-9CA2-2EAA05224B6C</string>
				<key>TARGETED_DEVICE_FAMILY</key>
				<string>1</string>
			</dict>
			<key>isa</key>
			<string>XCBuildConfiguration</string>
			<key>name</key>
			<string>AdHoc</string>
		</dict>
		<key>BAA03641109035C600221219</key>
		<dict>
			<key>children</key>
			<array>
				<string>BAD5C018107D9C4000C819F4</string>
				<string>BAD5C019107D9C4000C819F4</string>
				<string>BA9D0EF60FCA682700E2B262</string>
				<string>BA9D0EF70FCA682700E2B262</string>
				<string>BA57752D108EDAAA00C6828C</string>
				<string>BA57752E108EDAAA00C6828C</string>
				<string>BA6172EB11228B9400137B2D</string>
				<string>BA6172EC11228B9400137B2D</string>
			</array>
			<key>isa</key>
			<string>PBXGroup</string>
			<key>name</key>
			<string>Result</string>
			<key>sourceTree</key>
			<string>&lt;group&gt;</string>
		</dict>
		<key>BAD5C018107D9C4000C819F4</key>
		<dict>
			<key>fileEncoding</key>
			<string>4</string>
			<key>isa</key>
			<string>PBXFileReference</string>
			<key>lastKnownFileType</key>
			<string>sourcecode.c.h</string>
			<key>name</key>
			<string>Result.h</string>
			<key>path</key>
			<string>Classes/Result.h</string>
			<key>sourceTree</key>
			<string>&lt;group&gt;</string>
		</dict>
		<key>BAD5C019107D9C4000C819F4</key>
		<dict>
			<key>fileEncoding</key>
			<string>4</string>
			<key>isa</key>
			<string>PBXFileReference</string>
			<key>lastKnownFileType</key>
			<string>sourcecode.c.objc</string>
			<key>name</key>
			<string>Result.m</string>
			<key>path</key>
			<string>Classes/Result.m</string>
			<key>sourceTree</key>
			<string>&lt;group&gt;</string>
		</dict>
		<key>BAD5C01A107D9C4000C819F4</key>
		<dict>
			<key>fileRef</key>
			<string>BAD5C019107D9C4000C819F4</string>
			<key>isa</key>
			<string>PBXBuildFile</string>
		</dict>
		<key>BAE6A0C911729B2E00886226</key>
		<dict>
			<key>fileEncoding</key>
			<string>4</string>
			<key>isa</key>
			<string>PBXFileReference</string>
			<key>lastKnownFileType</key>
			<string>sourcecode.c.h</string>
			<key>path</key>
			<string>DMAboutController.h</string>
			<key>sourceTree</key>
			<string>&lt;group&gt;</string>
		</dict>
		<key>BAE6A0CA11729B2E00886226</key>
		<dict>
			<key>fileEncoding</key>
			<string>4</string>
			<key>isa</key>
			<string>PBXFileReference</string>
			<key>lastKnownFileType</key>
			<string>sourcecode.c.objc</string>
			<key>path</key>
			<string>DMAboutController.m</string>
			<key>sourceTree</key>
			<string>&lt;group&gt;</string>
		</dict>
		<key>BAE6A0CB11729B2E00886226</key>
		<dict>
			<key>isa</key>
			<string>PBXFileReference</string>
			<key>lastKnownFileType</key>
			<string>file.xib</string>
			<key>path</key>
			<string>DMAboutController.xib</string>
			<key>sourceTree</key>
			<string>&lt;group&gt;</string>
		</dict>
		<key>BAE6A0CC11729B2E00886226</key>
		<dict>
			<key>fileRef</key>
			<string>BAE6A0CA11729B2E00886226</string>
			<key>isa</key>
			<string>PBXBuildFile</string>
		</dict>
		<key>BAE6A0CD11729B2E00886226</key>
		<dict>
			<key>fileRef</key>
			<string>BAE6A0CB11729B2E00886226</string>
			<key>isa</key>
			<string>PBXBuildFile</string>
		</dict>
		<key>BAF97D47117459D8004882C6</key>
		<dict>
			<key>buildSettings</key>
			<dict>
				<key>ARCHS</key>
				<string>$(ARCHS_STANDARD_32_BIT)</string>
				<key>CODE_SIGN_IDENTITY[sdk=iphoneos*]</key>
				<string>iPhone Distribution: nb.io, LLC</string>
				<key>GCC_C_LANGUAGE_STANDARD</key>
				<string>c99</string>
				<key>GCC_WARN_ABOUT_RETURN_TYPE</key>
				<string>YES</string>
				<key>GCC_WARN_UNUSED_VARIABLE</key>
				<string>YES</string>
				<key>INFOPLIST_FILE</key>
				<string>Info.plist</string>
				<key>IPHONEOS_DEPLOYMENT_TARGET</key>
				<string>6.1</string>
				<key>PROVISIONING_PROFILE[sdk=iphoneos*]</key>
				<string>891379EE-B730-45C1-943B-577DD4DC63E1</string>
				<key>SDKROOT</key>
				<string>iphoneos</string>
			</dict>
			<key>isa</key>
			<string>XCBuildConfiguration</string>
			<key>name</key>
			<string>Distribution</string>
		</dict>
		<key>BAF97D48117459D8004882C6</key>
		<dict>
			<key>baseConfigurationReference</key>
			<string>B3C3C7F4F82D490C8BE97F08</string>
			<key>buildSettings</key>
			<dict>
				<key>ALWAYS_SEARCH_USER_PATHS</key>
				<string>NO</string>
				<key>CODE_SIGN_ENTITLEMENTS</key>
				<string>Entitlements.plist</string>
				<key>CODE_SIGN_IDENTITY</key>
				<string>iPhone Distribution: nb.io, LLC (95TFR6S6T9)</string>
				<key>CODE_SIGN_IDENTITY[sdk=iphoneos*]</key>
				<string>iPhone Distribution: nb.io, LLC (95TFR6S6T9)</string>
				<key>COPY_PHASE_STRIP</key>
				<string>YES</string>
				<key>GCC_PRECOMPILE_PREFIX_HEADER</key>
				<string>YES</string>
				<key>GCC_PREFIX_HEADER</key>
				<string>Domainr_Prefix.pch</string>
				<key>INFOPLIST_FILE</key>
				<string>Info.plist</string>
				<key>IPHONEOS_DEPLOYMENT_TARGET</key>
				<string>4.3</string>
				<key>LIBRARY_SEARCH_PATHS</key>
				<array>
					<string>$(inherited)</string>
					<string>"$(SRCROOT)"</string>
					<string>"$(SRCROOT)/FlurryAnalytics"</string>
					<string>"$(SRCROOT)/Flurry"</string>
				</array>
				<key>PRODUCT_NAME</key>
				<string>Domainr</string>
				<key>PROVISIONING_PROFILE</key>
				<string>25F3F068-D256-4810-9CA2-2EAA05224B6C</string>
				<key>PROVISIONING_PROFILE[sdk=iphoneos*]</key>
				<string>25F3F068-D256-4810-9CA2-2EAA05224B6C</string>
				<key>TARGETED_DEVICE_FAMILY</key>
				<string>1</string>
			</dict>
			<key>isa</key>
			<string>XCBuildConfiguration</string>
			<key>name</key>
			<string>Distribution</string>
		</dict>
		<key>C01FCF4E08A954540054247B</key>
		<dict>
			<key>buildConfigurations</key>
			<array>
				<string>C01FCF4F08A954540054247B</string>
				<string>BA9D11090FCA8DF500E2B262</string>
				<string>C01FCF5008A954540054247B</string>
				<string>BAF97D47117459D8004882C6</string>
			</array>
			<key>defaultConfigurationIsVisible</key>
			<string>0</string>
			<key>defaultConfigurationName</key>
			<string>Release</string>
			<key>isa</key>
			<string>XCConfigurationList</string>
		</dict>
		<key>C01FCF4F08A954540054247B</key>
		<dict>
			<key>buildSettings</key>
			<dict>
				<key>ARCHS</key>
				<string>$(ARCHS_STANDARD_32_BIT)</string>
				<key>CODE_SIGN_IDENTITY[sdk=iphoneos*]</key>
				<string>iPhone Developer: Sahil Desai</string>
				<key>GCC_C_LANGUAGE_STANDARD</key>
				<string>c99</string>
				<key>GCC_WARN_ABOUT_RETURN_TYPE</key>
				<string>YES</string>
				<key>GCC_WARN_UNUSED_VARIABLE</key>
				<string>YES</string>
				<key>INFOPLIST_FILE</key>
				<string>Info.plist</string>
				<key>IPHONEOS_DEPLOYMENT_TARGET</key>
				<string>6.1</string>
				<key>ONLY_ACTIVE_ARCH</key>
				<string>YES</string>
				<key>PRECOMPS_INCLUDE_HEADERS_FROM_BUILT_PRODUCTS_DIR</key>
				<string>YES</string>
				<key>PROVISIONING_PROFILE[sdk=iphoneos*]</key>
				<string>A7F9377B-20CF-438B-A039-B82D5FD71D19</string>
				<key>SDKROOT</key>
				<string>iphoneos</string>
			</dict>
			<key>isa</key>
			<string>XCBuildConfiguration</string>
			<key>name</key>
			<string>Debug</string>
		</dict>
		<key>C01FCF5008A954540054247B</key>
		<dict>
			<key>buildSettings</key>
			<dict>
				<key>ARCHS</key>
				<string>$(ARCHS_STANDARD_32_BIT)</string>
				<key>CODE_SIGN_IDENTITY[sdk=iphoneos*]</key>
				<string>iPhone Distribution: nb.io, LLC</string>
				<key>GCC_C_LANGUAGE_STANDARD</key>
				<string>c99</string>
				<key>GCC_WARN_ABOUT_RETURN_TYPE</key>
				<string>YES</string>
				<key>GCC_WARN_UNUSED_VARIABLE</key>
				<string>YES</string>
				<key>INFOPLIST_FILE</key>
				<string>Info.plist</string>
				<key>IPHONEOS_DEPLOYMENT_TARGET</key>
				<string>6.1</string>
				<key>PROVISIONING_PROFILE[sdk=iphoneos*]</key>
				<string>891379EE-B730-45C1-943B-577DD4DC63E1</string>
				<key>SDKROOT</key>
				<string>iphoneos</string>
			</dict>
			<key>isa</key>
			<string>XCBuildConfiguration</string>
			<key>name</key>
			<string>Release</string>
		</dict>
		<key>E2A848CEA298480BA15F7A35</key>
		<dict>
			<key>buildActionMask</key>
			<string>2147483647</string>
			<key>files</key>
			<array/>
			<key>inputPaths</key>
			<array/>
			<key>isa</key>
			<string>PBXShellScriptBuildPhase</string>
			<key>name</key>
			<string>Copy Pods Resources</string>
			<key>outputPaths</key>
			<array/>
			<key>runOnlyForDeploymentPostprocessing</key>
			<string>0</string>
			<key>shellPath</key>
			<string>/bin/sh</string>
			<key>shellScript</key>
			<string>"${SRCROOT}/Pods/Pods-resources.sh"
</string>
			<key>showEnvVarsInLog</key>
			<string>0</string>
		</dict>
		<key>E6E686E8956D40379BDCFFEA</key>
		<dict>
			<key>buildActionMask</key>
			<string>2147483647</string>
			<key>files</key>
			<array/>
			<key>inputPaths</key>
			<array/>
			<key>isa</key>
			<string>PBXShellScriptBuildPhase</string>
			<key>name</key>
			<string>Check Pods Manifest.lock</string>
			<key>outputPaths</key>
			<array/>
			<key>runOnlyForDeploymentPostprocessing</key>
			<string>0</string>
			<key>shellPath</key>
			<string>/bin/sh</string>
			<key>shellScript</key>
			<string>diff "${PODS_ROOT}/../Podfile.lock" "${PODS_ROOT}/Manifest.lock" &gt; /dev/null
if [[ $? != 0 ]] ; then
    cat &lt;&lt; EOM
error: The sandbox is not in sync with the Podfile.lock. Run 'pod install' or update your CocoaPods installation.
EOM
    exit 1
fi
</string>
			<key>showEnvVarsInLog</key>
			<string>0</string>
		</dict>
	</dict>
	<key>rootObject</key>
	<string>29B97313FDCFA39411CA2CEA</string>
</dict>
</plist>
