// !$*UTF8*$!
{
	archiveVersion = 1;
	classes = {
	};
	objectVersion = 45;
	objects = {

/* Begin PBXBuildFile section */
		1D3623260D0F684500981E51 /* DomainrAppDelegate.m in Sources */ = {isa = PBXBuildFile; fileRef = 1D3623250D0F684500981E51 /* DomainrAppDelegate.m */; };
		1D60589F0D05DD5A006BFB54 /* Foundation.framework in Frameworks */ = {isa = PBXBuildFile; fileRef = 1D30AB110D05D00D00671497 /* Foundation.framework */; };
		1DF5F4E00D08C38300B7A737 /* UIKit.framework in Frameworks */ = {isa = PBXBuildFile; fileRef = 1DF5F4DF0D08C38300B7A737 /* UIKit.framework */; };
		BA0FCD361095A87F00593B42 /* CoreGraphics.framework in Frameworks */ = {isa = PBXBuildFile; fileRef = 288765FC0DF74451002DB57D /* CoreGraphics.framework */; };
		BA577530108EDAAA00C6828C /* ResultViewController.m in Sources */ = {isa = PBXBuildFile; fileRef = BA57752E108EDAAA00C6828C /* ResultViewController.m */; };
		BA57B97011226AC400EFE452 /* NSMutableArray+Extensions.m in Sources */ = {isa = PBXBuildFile; fileRef = BA57B95F11226AC400EFE452 /* NSMutableArray+Extensions.m */; };
		BA57B97111226AC400EFE452 /* NSObject+Extensions.m in Sources */ = {isa = PBXBuildFile; fileRef = BA57B96111226AC400EFE452 /* NSObject+Extensions.m */; };
		BA57B97211226AC400EFE452 /* NSScanner+Extensions.m in Sources */ = {isa = PBXBuildFile; fileRef = BA57B96311226AC400EFE452 /* NSScanner+Extensions.m */; };
		BA57B97311226AC400EFE452 /* NSString+Extensions.m in Sources */ = {isa = PBXBuildFile; fileRef = BA57B96511226AC400EFE452 /* NSString+Extensions.m */; };
		BA57B97411226AC400EFE452 /* NSUserDefaults+Extensions.m in Sources */ = {isa = PBXBuildFile; fileRef = BA57B96711226AC400EFE452 /* NSUserDefaults+Extensions.m */; };
		BA57B97511226AC400EFE452 /* Reachability.m in Sources */ = {isa = PBXBuildFile; fileRef = BA57B96911226AC400EFE452 /* Reachability.m */; };
		BA57B97611226AC400EFE452 /* SDImage.m in Sources */ = {isa = PBXBuildFile; fileRef = BA57B96B11226AC400EFE452 /* SDImage.m */; };
		BA57B97711226AC400EFE452 /* UIAlertView+Extensions.m in Sources */ = {isa = PBXBuildFile; fileRef = BA57B96D11226AC400EFE452 /* UIAlertView+Extensions.m */; };
		BA57B97811226AC400EFE452 /* UITableView+Extensions.m in Sources */ = {isa = PBXBuildFile; fileRef = BA57B96F11226AC400EFE452 /* UITableView+Extensions.m */; };
		BA57B99211226B7700EFE452 /* Default.png in Resources */ = {isa = PBXBuildFile; fileRef = BA57B97B11226B7700EFE452 /* Default.png */; };
		BA57B99711226B7700EFE452 /* at_symbol.png in Resources */ = {isa = PBXBuildFile; fileRef = BA57B98011226B7700EFE452 /* at_symbol.png */; };
		BA57B99811226B7700EFE452 /* available.png in Resources */ = {isa = PBXBuildFile; fileRef = BA57B98111226B7700EFE452 /* available.png */; };
		BA57B99911226B7700EFE452 /* Back.png in Resources */ = {isa = PBXBuildFile; fileRef = BA57B98211226B7700EFE452 /* Back.png */; };
		BA57B99A11226B7700EFE452 /* cart.png in Resources */ = {isa = PBXBuildFile; fileRef = BA57B98311226B7700EFE452 /* cart.png */; };
		BA57B99B11226B7700EFE452 /* email.png in Resources */ = {isa = PBXBuildFile; fileRef = BA57B98411226B7700EFE452 /* email.png */; };
		BA57B99C11226B7700EFE452 /* Forward.png in Resources */ = {isa = PBXBuildFile; fileRef = BA57B98511226B7700EFE452 /* Forward.png */; };
		BA57B99D11226B7700EFE452 /* icon.png in Resources */ = {isa = PBXBuildFile; fileRef = BA57B98611226B7700EFE452 /* icon.png */; };
		BA57B99E11226B7700EFE452 /* IndicatorMask.png in Resources */ = {isa = PBXBuildFile; fileRef = BA57B98711226B7700EFE452 /* IndicatorMask.png */; };
		BA57B99F11226B7700EFE452 /* info.png in Resources */ = {isa = PBXBuildFile; fileRef = BA57B98811226B7700EFE452 /* info.png */; };
		BA57B9A011226B7700EFE452 /* magnifying_glass_15x15.png in Resources */ = {isa = PBXBuildFile; fileRef = BA57B98911226B7700EFE452 /* magnifying_glass_15x15.png */; };
		BA57B9A111226B7700EFE452 /* magnifying_glass.png in Resources */ = {isa = PBXBuildFile; fileRef = BA57B98A11226B7700EFE452 /* magnifying_glass.png */; };
		BA57B9A211226B7700EFE452 /* maybe.png in Resources */ = {isa = PBXBuildFile; fileRef = BA57B98B11226B7700EFE452 /* maybe.png */; };
		BA57B9A311226B7700EFE452 /* money.png in Resources */ = {isa = PBXBuildFile; fileRef = BA57B98C11226B7700EFE452 /* money.png */; };
		BA57B9A411226B7700EFE452 /* tld.png in Resources */ = {isa = PBXBuildFile; fileRef = BA57B98D11226B7700EFE452 /* tld.png */; };
		BA57B9A611226B7700EFE452 /* tools.png in Resources */ = {isa = PBXBuildFile; fileRef = BA57B98F11226B7700EFE452 /* tools.png */; };
		BA57B9A711226B7700EFE452 /* TopShadow.png in Resources */ = {isa = PBXBuildFile; fileRef = BA57B99011226B7700EFE452 /* TopShadow.png */; };
		BA57B9A811226B7700EFE452 /* web.png in Resources */ = {isa = PBXBuildFile; fileRef = BA57B99111226B7700EFE452 /* web.png */; };
		BA57B9B911226B9A00EFE452 /* CDataScanner_Extensions.m in Sources */ = {isa = PBXBuildFile; fileRef = BA57B9AA11226B9A00EFE452 /* CDataScanner_Extensions.m */; };
		BA57B9BA11226B9A00EFE452 /* CDataScanner.m in Sources */ = {isa = PBXBuildFile; fileRef = BA57B9AC11226B9A00EFE452 /* CDataScanner.m */; };
		BA57B9BB11226B9A00EFE452 /* CJSONDeserializer.m in Sources */ = {isa = PBXBuildFile; fileRef = BA57B9AE11226B9A00EFE452 /* CJSONDeserializer.m */; };
		BA57B9BC11226B9A00EFE452 /* CJSONScanner.m in Sources */ = {isa = PBXBuildFile; fileRef = BA57B9B011226B9A00EFE452 /* CJSONScanner.m */; };
		BA57B9BD11226B9A00EFE452 /* CJSONSerializer.m in Sources */ = {isa = PBXBuildFile; fileRef = BA57B9B211226B9A00EFE452 /* CJSONSerializer.m */; };
		BA57B9BE11226B9A00EFE452 /* NSCharacterSet_Extensions.m in Sources */ = {isa = PBXBuildFile; fileRef = BA57B9B411226B9A00EFE452 /* NSCharacterSet_Extensions.m */; };
		BA57B9BF11226B9A00EFE452 /* NSDictionary_JSONExtensions.m in Sources */ = {isa = PBXBuildFile; fileRef = BA57B9B611226B9A00EFE452 /* NSDictionary_JSONExtensions.m */; };
		BA57B9C011226B9A00EFE452 /* NSScanner_Extensions.m in Sources */ = {isa = PBXBuildFile; fileRef = BA57B9B811226B9A00EFE452 /* NSScanner_Extensions.m */; };
		BA57B9E411226BE200EFE452 /* Storage.m in Sources */ = {isa = PBXBuildFile; fileRef = BA57B9E311226BE200EFE452 /* Storage.m */; };
		BA6171A011226CB100137B2D /* WebViewController.xib in Resources */ = {isa = PBXBuildFile; fileRef = BA61719F11226CB100137B2D /* WebViewController.xib */; };
		BA6171A311226CCF00137B2D /* WebViewController.m in Sources */ = {isa = PBXBuildFile; fileRef = BA6171A211226CCF00137B2D /* WebViewController.m */; };
		BA6171A811226CF500137B2D /* MainViewController.xib in Resources */ = {isa = PBXBuildFile; fileRef = BA6171A711226CF500137B2D /* MainViewController.xib */; };
		BA6171C611226DBB00137B2D /* MainWindow.xib in Resources */ = {isa = PBXBuildFile; fileRef = BA6171C511226DBB00137B2D /* MainWindow.xib */; };
		BA6171CB11226DD500137B2D /* main.m in Sources */ = {isa = PBXBuildFile; fileRef = BA6171CA11226DD500137B2D /* main.m */; };
		BA6172EE11228B9400137B2D /* RegistrarSelectorViewController.m in Sources */ = {isa = PBXBuildFile; fileRef = BA6172EC11228B9400137B2D /* RegistrarSelectorViewController.m */; };
		BA61739411229EEE00137B2D /* wiki_icon.png in Resources */ = {isa = PBXBuildFile; fileRef = BA61739311229EEE00137B2D /* wiki_icon.png */; };
		BA6173B61122A15F00137B2D /* iana_icon.png in Resources */ = {isa = PBXBuildFile; fileRef = BA6173B51122A15F00137B2D /* iana_icon.png */; };
		BA6173F31122B49600137B2D /* QuartzCore.framework in Frameworks */ = {isa = PBXBuildFile; fileRef = BA6173F21122B49600137B2D /* QuartzCore.framework */; };
		BA8F250010905E1D000CBAF0 /* MessageUI.framework in Frameworks */ = {isa = PBXBuildFile; fileRef = BA8F24FF10905E1D000CBAF0 /* MessageUI.framework */; };
		BA9D0D310FCA4E7100E2B262 /* MainViewController.m in Sources */ = {isa = PBXBuildFile; fileRef = BA9D0D300FCA4E7100E2B262 /* MainViewController.m */; };
		BA9D0DD50FCA5FDB00E2B262 /* libsqlite3.0.dylib in Frameworks */ = {isa = PBXBuildFile; fileRef = BA9D0DD40FCA5FDB00E2B262 /* libsqlite3.0.dylib */; };
		BA9D0DDB0FCA602300E2B262 /* SystemConfiguration.framework in Frameworks */ = {isa = PBXBuildFile; fileRef = BA9D0DDA0FCA602300E2B262 /* SystemConfiguration.framework */; };
		BA9D0EFB0FCA682700E2B262 /* ResultCell.m in Sources */ = {isa = PBXBuildFile; fileRef = BA9D0EF70FCA682700E2B262 /* ResultCell.m */; };
		BA9D10F20FCA8DA200E2B262 /* Entitlements.plist in Resources */ = {isa = PBXBuildFile; fileRef = BA9D10F10FCA8DA200E2B262 /* Entitlements.plist */; };
		BAD5C01A107D9C4000C819F4 /* Result.m in Sources */ = {isa = PBXBuildFile; fileRef = BAD5C019107D9C4000C819F4 /* Result.m */; };
		BAE6A0CC11729B2E00886226 /* DMAboutController.m in Sources */ = {isa = PBXBuildFile; fileRef = BAE6A0CA11729B2E00886226 /* DMAboutController.m */; };
		BAE6A0CD11729B2E00886226 /* DMAboutController.xib in Resources */ = {isa = PBXBuildFile; fileRef = BAE6A0CB11729B2E00886226 /* DMAboutController.xib */; };
/* End PBXBuildFile section */

/* Begin PBXFileReference section */
		1D30AB110D05D00D00671497 /* Foundation.framework */ = {isa = PBXFileReference; lastKnownFileType = wrapper.framework; name = Foundation.framework; path = System/Library/Frameworks/Foundation.framework; sourceTree = SDKROOT; };
		1D3623240D0F684500981E51 /* DomainrAppDelegate.h */ = {isa = PBXFileReference; fileEncoding = 4; lastKnownFileType = sourcecode.c.h; path = DomainrAppDelegate.h; sourceTree = "<group>"; };
		1D3623250D0F684500981E51 /* DomainrAppDelegate.m */ = {isa = PBXFileReference; fileEncoding = 4; lastKnownFileType = sourcecode.c.objc; path = DomainrAppDelegate.m; sourceTree = "<group>"; };
		1D6058910D05DD3D006BFB54 /* Domainr.app */ = {isa = PBXFileReference; explicitFileType = wrapper.application; includeInIndex = 0; path = Domainr.app; sourceTree = BUILT_PRODUCTS_DIR; };
		1DF5F4DF0D08C38300B7A737 /* UIKit.framework */ = {isa = PBXFileReference; lastKnownFileType = wrapper.framework; name = UIKit.framework; path = System/Library/Frameworks/UIKit.framework; sourceTree = SDKROOT; };
		288765FC0DF74451002DB57D /* CoreGraphics.framework */ = {isa = PBXFileReference; lastKnownFileType = wrapper.framework; name = CoreGraphics.framework; path = System/Library/Frameworks/CoreGraphics.framework; sourceTree = SDKROOT; };
		8D1107310486CEB800E47090 /* Info.plist */ = {isa = PBXFileReference; fileEncoding = 4; lastKnownFileType = text.plist.xml; path = Info.plist; plistStructureDefinitionIdentifier = "com.apple.xcode.plist.structure-definition.iphone.info-plist"; sourceTree = "<group>"; };
		BA57752D108EDAAA00C6828C /* ResultViewController.h */ = {isa = PBXFileReference; fileEncoding = 4; lastKnownFileType = sourcecode.c.h; name = ResultViewController.h; path = Classes/ResultViewController.h; sourceTree = "<group>"; };
		BA57752E108EDAAA00C6828C /* ResultViewController.m */ = {isa = PBXFileReference; fileEncoding = 4; lastKnownFileType = sourcecode.c.objc; name = ResultViewController.m; path = Classes/ResultViewController.m; sourceTree = "<group>"; };
		BA57B95E11226AC400EFE452 /* NSMutableArray+Extensions.h */ = {isa = PBXFileReference; fileEncoding = 4; lastKnownFileType = sourcecode.c.h; name = "NSMutableArray+Extensions.h"; path = "Additions/NSMutableArray+Extensions.h"; sourceTree = "<group>"; };
		BA57B95F11226AC400EFE452 /* NSMutableArray+Extensions.m */ = {isa = PBXFileReference; fileEncoding = 4; lastKnownFileType = sourcecode.c.objc; name = "NSMutableArray+Extensions.m"; path = "Additions/NSMutableArray+Extensions.m"; sourceTree = "<group>"; };
		BA57B96011226AC400EFE452 /* NSObject+Extensions.h */ = {isa = PBXFileReference; fileEncoding = 4; lastKnownFileType = sourcecode.c.h; name = "NSObject+Extensions.h"; path = "Additions/NSObject+Extensions.h"; sourceTree = "<group>"; };
		BA57B96111226AC400EFE452 /* NSObject+Extensions.m */ = {isa = PBXFileReference; fileEncoding = 4; lastKnownFileType = sourcecode.c.objc; name = "NSObject+Extensions.m"; path = "Additions/NSObject+Extensions.m"; sourceTree = "<group>"; };
		BA57B96211226AC400EFE452 /* NSScanner+Extensions.h */ = {isa = PBXFileReference; fileEncoding = 4; lastKnownFileType = sourcecode.c.h; name = "NSScanner+Extensions.h"; path = "Additions/NSScanner+Extensions.h"; sourceTree = "<group>"; };
		BA57B96311226AC400EFE452 /* NSScanner+Extensions.m */ = {isa = PBXFileReference; fileEncoding = 4; lastKnownFileType = sourcecode.c.objc; name = "NSScanner+Extensions.m"; path = "Additions/NSScanner+Extensions.m"; sourceTree = "<group>"; };
		BA57B96411226AC400EFE452 /* NSString+Extensions.h */ = {isa = PBXFileReference; fileEncoding = 4; lastKnownFileType = sourcecode.c.h; name = "NSString+Extensions.h"; path = "Additions/NSString+Extensions.h"; sourceTree = "<group>"; };
		BA57B96511226AC400EFE452 /* NSString+Extensions.m */ = {isa = PBXFileReference; fileEncoding = 4; lastKnownFileType = sourcecode.c.objc; name = "NSString+Extensions.m"; path = "Additions/NSString+Extensions.m"; sourceTree = "<group>"; };
		BA57B96611226AC400EFE452 /* NSUserDefaults+Extensions.h */ = {isa = PBXFileReference; fileEncoding = 4; lastKnownFileType = sourcecode.c.h; name = "NSUserDefaults+Extensions.h"; path = "Additions/NSUserDefaults+Extensions.h"; sourceTree = "<group>"; };
		BA57B96711226AC400EFE452 /* NSUserDefaults+Extensions.m */ = {isa = PBXFileReference; fileEncoding = 4; lastKnownFileType = sourcecode.c.objc; name = "NSUserDefaults+Extensions.m"; path = "Additions/NSUserDefaults+Extensions.m"; sourceTree = "<group>"; };
		BA57B96811226AC400EFE452 /* Reachability.h */ = {isa = PBXFileReference; fileEncoding = 4; lastKnownFileType = sourcecode.c.h; name = Reachability.h; path = Additions/Reachability.h; sourceTree = "<group>"; };
		BA57B96911226AC400EFE452 /* Reachability.m */ = {isa = PBXFileReference; fileEncoding = 4; lastKnownFileType = sourcecode.c.objc; name = Reachability.m; path = Additions/Reachability.m; sourceTree = "<group>"; };
		BA57B96A11226AC400EFE452 /* SDImage.h */ = {isa = PBXFileReference; fileEncoding = 4; lastKnownFileType = sourcecode.c.h; name = SDImage.h; path = Additions/SDImage.h; sourceTree = "<group>"; };
		BA57B96B11226AC400EFE452 /* SDImage.m */ = {isa = PBXFileReference; fileEncoding = 4; lastKnownFileType = sourcecode.c.objc; name = SDImage.m; path = Additions/SDImage.m; sourceTree = "<group>"; };
		BA57B96C11226AC400EFE452 /* UIAlertView+Extensions.h */ = {isa = PBXFileReference; fileEncoding = 4; lastKnownFileType = sourcecode.c.h; name = "UIAlertView+Extensions.h"; path = "Additions/UIAlertView+Extensions.h"; sourceTree = "<group>"; };
		BA57B96D11226AC400EFE452 /* UIAlertView+Extensions.m */ = {isa = PBXFileReference; fileEncoding = 4; lastKnownFileType = sourcecode.c.objc; name = "UIAlertView+Extensions.m"; path = "Additions/UIAlertView+Extensions.m"; sourceTree = "<group>"; };
		BA57B96E11226AC400EFE452 /* UITableView+Extensions.h */ = {isa = PBXFileReference; fileEncoding = 4; lastKnownFileType = sourcecode.c.h; name = "UITableView+Extensions.h"; path = "Additions/UITableView+Extensions.h"; sourceTree = "<group>"; };
		BA57B96F11226AC400EFE452 /* UITableView+Extensions.m */ = {isa = PBXFileReference; fileEncoding = 4; lastKnownFileType = sourcecode.c.objc; name = "UITableView+Extensions.m"; path = "Additions/UITableView+Extensions.m"; sourceTree = "<group>"; };
		BA57B97B11226B7700EFE452 /* Default.png */ = {isa = PBXFileReference; lastKnownFileType = image.png; name = Default.png; path = Resources/Default.png; sourceTree = "<group>"; };
		BA57B98011226B7700EFE452 /* at_symbol.png */ = {isa = PBXFileReference; lastKnownFileType = image.png; name = at_symbol.png; path = Resources/at_symbol.png; sourceTree = "<group>"; };
		BA57B98111226B7700EFE452 /* available.png */ = {isa = PBXFileReference; lastKnownFileType = image.png; name = available.png; path = Resources/available.png; sourceTree = "<group>"; };
		BA57B98211226B7700EFE452 /* Back.png */ = {isa = PBXFileReference; lastKnownFileType = image.png; name = Back.png; path = Resources/Back.png; sourceTree = "<group>"; };
		BA57B98311226B7700EFE452 /* cart.png */ = {isa = PBXFileReference; lastKnownFileType = image.png; name = cart.png; path = Resources/cart.png; sourceTree = "<group>"; };
		BA57B98411226B7700EFE452 /* email.png */ = {isa = PBXFileReference; lastKnownFileType = image.png; name = email.png; path = Resources/email.png; sourceTree = "<group>"; };
		BA57B98511226B7700EFE452 /* Forward.png */ = {isa = PBXFileReference; lastKnownFileType = image.png; name = Forward.png; path = Resources/Forward.png; sourceTree = "<group>"; };
		BA57B98611226B7700EFE452 /* icon.png */ = {isa = PBXFileReference; lastKnownFileType = image.png; name = icon.png; path = Resources/icon.png; sourceTree = "<group>"; };
		BA57B98711226B7700EFE452 /* IndicatorMask.png */ = {isa = PBXFileReference; lastKnownFileType = image.png; name = IndicatorMask.png; path = Resources/IndicatorMask.png; sourceTree = "<group>"; };
		BA57B98811226B7700EFE452 /* info.png */ = {isa = PBXFileReference; lastKnownFileType = image.png; name = info.png; path = Resources/info.png; sourceTree = "<group>"; };
		BA57B98911226B7700EFE452 /* magnifying_glass_15x15.png */ = {isa = PBXFileReference; lastKnownFileType = image.png; name = magnifying_glass_15x15.png; path = Resources/magnifying_glass_15x15.png; sourceTree = "<group>"; };
		BA57B98A11226B7700EFE452 /* magnifying_glass.png */ = {isa = PBXFileReference; lastKnownFileType = image.png; name = magnifying_glass.png; path = Resources/magnifying_glass.png; sourceTree = "<group>"; };
		BA57B98B11226B7700EFE452 /* maybe.png */ = {isa = PBXFileReference; lastKnownFileType = image.png; name = maybe.png; path = Resources/maybe.png; sourceTree = "<group>"; };
		BA57B98C11226B7700EFE452 /* money.png */ = {isa = PBXFileReference; lastKnownFileType = image.png; name = money.png; path = Resources/money.png; sourceTree = "<group>"; };
		BA57B98D11226B7700EFE452 /* tld.png */ = {isa = PBXFileReference; lastKnownFileType = image.png; name = tld.png; path = Resources/tld.png; sourceTree = "<group>"; };
		BA57B98F11226B7700EFE452 /* tools.png */ = {isa = PBXFileReference; lastKnownFileType = image.png; name = tools.png; path = Resources/tools.png; sourceTree = "<group>"; };
		BA57B99011226B7700EFE452 /* TopShadow.png */ = {isa = PBXFileReference; lastKnownFileType = image.png; name = TopShadow.png; path = Resources/TopShadow.png; sourceTree = "<group>"; };
		BA57B99111226B7700EFE452 /* web.png */ = {isa = PBXFileReference; lastKnownFileType = image.png; name = web.png; path = Resources/web.png; sourceTree = "<group>"; };
		BA57B9A911226B9A00EFE452 /* CDataScanner_Extensions.h */ = {isa = PBXFileReference; fileEncoding = 4; lastKnownFileType = sourcecode.c.h; name = CDataScanner_Extensions.h; path = Frameworks/CJSON/CDataScanner_Extensions.h; sourceTree = "<group>"; };
		BA57B9AA11226B9A00EFE452 /* CDataScanner_Extensions.m */ = {isa = PBXFileReference; fileEncoding = 4; lastKnownFileType = sourcecode.c.objc; name = CDataScanner_Extensions.m; path = Frameworks/CJSON/CDataScanner_Extensions.m; sourceTree = "<group>"; };
		BA57B9AB11226B9A00EFE452 /* CDataScanner.h */ = {isa = PBXFileReference; fileEncoding = 4; lastKnownFileType = sourcecode.c.h; name = CDataScanner.h; path = Frameworks/CJSON/CDataScanner.h; sourceTree = "<group>"; };
		BA57B9AC11226B9A00EFE452 /* CDataScanner.m */ = {isa = PBXFileReference; fileEncoding = 4; lastKnownFileType = sourcecode.c.objc; name = CDataScanner.m; path = Frameworks/CJSON/CDataScanner.m; sourceTree = "<group>"; };
		BA57B9AD11226B9A00EFE452 /* CJSONDeserializer.h */ = {isa = PBXFileReference; fileEncoding = 4; lastKnownFileType = sourcecode.c.h; name = CJSONDeserializer.h; path = Frameworks/CJSON/CJSONDeserializer.h; sourceTree = "<group>"; };
		BA57B9AE11226B9A00EFE452 /* CJSONDeserializer.m */ = {isa = PBXFileReference; fileEncoding = 4; lastKnownFileType = sourcecode.c.objc; name = CJSONDeserializer.m; path = Frameworks/CJSON/CJSONDeserializer.m; sourceTree = "<group>"; };
		BA57B9AF11226B9A00EFE452 /* CJSONScanner.h */ = {isa = PBXFileReference; fileEncoding = 4; lastKnownFileType = sourcecode.c.h; name = CJSONScanner.h; path = Frameworks/CJSON/CJSONScanner.h; sourceTree = "<group>"; };
		BA57B9B011226B9A00EFE452 /* CJSONScanner.m */ = {isa = PBXFileReference; fileEncoding = 4; lastKnownFileType = sourcecode.c.objc; name = CJSONScanner.m; path = Frameworks/CJSON/CJSONScanner.m; sourceTree = "<group>"; };
		BA57B9B111226B9A00EFE452 /* CJSONSerializer.h */ = {isa = PBXFileReference; fileEncoding = 4; lastKnownFileType = sourcecode.c.h; name = CJSONSerializer.h; path = Frameworks/CJSON/CJSONSerializer.h; sourceTree = "<group>"; };
		BA57B9B211226B9A00EFE452 /* CJSONSerializer.m */ = {isa = PBXFileReference; fileEncoding = 4; lastKnownFileType = sourcecode.c.objc; name = CJSONSerializer.m; path = Frameworks/CJSON/CJSONSerializer.m; sourceTree = "<group>"; };
		BA57B9B311226B9A00EFE452 /* NSCharacterSet_Extensions.h */ = {isa = PBXFileReference; fileEncoding = 4; lastKnownFileType = sourcecode.c.h; name = NSCharacterSet_Extensions.h; path = Frameworks/CJSON/NSCharacterSet_Extensions.h; sourceTree = "<group>"; };
		BA57B9B411226B9A00EFE452 /* NSCharacterSet_Extensions.m */ = {isa = PBXFileReference; fileEncoding = 4; lastKnownFileType = sourcecode.c.objc; name = NSCharacterSet_Extensions.m; path = Frameworks/CJSON/NSCharacterSet_Extensions.m; sourceTree = "<group>"; };
		BA57B9B511226B9A00EFE452 /* NSDictionary_JSONExtensions.h */ = {isa = PBXFileReference; fileEncoding = 4; lastKnownFileType = sourcecode.c.h; name = NSDictionary_JSONExtensions.h; path = Frameworks/CJSON/NSDictionary_JSONExtensions.h; sourceTree = "<group>"; };
		BA57B9B611226B9A00EFE452 /* NSDictionary_JSONExtensions.m */ = {isa = PBXFileReference; fileEncoding = 4; lastKnownFileType = sourcecode.c.objc; name = NSDictionary_JSONExtensions.m; path = Frameworks/CJSON/NSDictionary_JSONExtensions.m; sourceTree = "<group>"; };
		BA57B9B711226B9A00EFE452 /* NSScanner_Extensions.h */ = {isa = PBXFileReference; fileEncoding = 4; lastKnownFileType = sourcecode.c.h; name = NSScanner_Extensions.h; path = Frameworks/CJSON/NSScanner_Extensions.h; sourceTree = "<group>"; };
		BA57B9B811226B9A00EFE452 /* NSScanner_Extensions.m */ = {isa = PBXFileReference; fileEncoding = 4; lastKnownFileType = sourcecode.c.objc; name = NSScanner_Extensions.m; path = Frameworks/CJSON/NSScanner_Extensions.m; sourceTree = "<group>"; };
		BA57B9E211226BE200EFE452 /* Storage.h */ = {isa = PBXFileReference; fileEncoding = 4; lastKnownFileType = sourcecode.c.h; name = Storage.h; path = Classes/Storage.h; sourceTree = "<group>"; };
		BA57B9E311226BE200EFE452 /* Storage.m */ = {isa = PBXFileReference; fileEncoding = 4; lastKnownFileType = sourcecode.c.objc; name = Storage.m; path = Classes/Storage.m; sourceTree = "<group>"; };
		BA61719F11226CB100137B2D /* WebViewController.xib */ = {isa = PBXFileReference; lastKnownFileType = file.xib; name = WebViewController.xib; path = Resources/WebViewController.xib; sourceTree = "<group>"; };
		BA6171A111226CCF00137B2D /* WebViewController.h */ = {isa = PBXFileReference; fileEncoding = 4; lastKnownFileType = sourcecode.c.h; name = WebViewController.h; path = Classes/WebViewController.h; sourceTree = "<group>"; };
		BA6171A211226CCF00137B2D /* WebViewController.m */ = {isa = PBXFileReference; fileEncoding = 4; lastKnownFileType = sourcecode.c.objc; name = WebViewController.m; path = Classes/WebViewController.m; sourceTree = "<group>"; };
		BA6171A711226CF500137B2D /* MainViewController.xib */ = {isa = PBXFileReference; lastKnownFileType = file.xib; name = MainViewController.xib; path = Resources/MainViewController.xib; sourceTree = SOURCE_ROOT; };
		BA6171C511226DBB00137B2D /* MainWindow.xib */ = {isa = PBXFileReference; lastKnownFileType = file.xib; name = MainWindow.xib; path = Resources/MainWindow.xib; sourceTree = SOURCE_ROOT; };
		BA6171CA11226DD500137B2D /* main.m */ = {isa = PBXFileReference; fileEncoding = 4; lastKnownFileType = sourcecode.c.objc; name = main.m; path = Classes/main.m; sourceTree = "<group>"; };
		BA6171E8112270C700137B2D /* Domainr_Prefix.pch */ = {isa = PBXFileReference; fileEncoding = 4; lastKnownFileType = sourcecode.c.h; path = Domainr_Prefix.pch; sourceTree = "<group>"; };
		BA6172EB11228B9400137B2D /* RegistrarSelectorViewController.h */ = {isa = PBXFileReference; fileEncoding = 4; lastKnownFileType = sourcecode.c.h; name = RegistrarSelectorViewController.h; path = Classes/RegistrarSelectorViewController.h; sourceTree = "<group>"; };
		BA6172EC11228B9400137B2D /* RegistrarSelectorViewController.m */ = {isa = PBXFileReference; fileEncoding = 4; lastKnownFileType = sourcecode.c.objc; name = RegistrarSelectorViewController.m; path = Classes/RegistrarSelectorViewController.m; sourceTree = "<group>"; };
		BA61739311229EEE00137B2D /* wiki_icon.png */ = {isa = PBXFileReference; lastKnownFileType = image.png; name = wiki_icon.png; path = Resources/wiki_icon.png; sourceTree = "<group>"; };
		BA6173B51122A15F00137B2D /* iana_icon.png */ = {isa = PBXFileReference; lastKnownFileType = image.png; name = iana_icon.png; path = Resources/iana_icon.png; sourceTree = "<group>"; };
		BA6173F21122B49600137B2D /* QuartzCore.framework */ = {isa = PBXFileReference; lastKnownFileType = wrapper.framework; name = QuartzCore.framework; path = System/Library/Frameworks/QuartzCore.framework; sourceTree = SDKROOT; };
		BA8F24FF10905E1D000CBAF0 /* MessageUI.framework */ = {isa = PBXFileReference; lastKnownFileType = wrapper.framework; name = MessageUI.framework; path = System/Library/Frameworks/MessageUI.framework; sourceTree = SDKROOT; };
		BA9D0D2F0FCA4E7100E2B262 /* MainViewController.h */ = {isa = PBXFileReference; fileEncoding = 4; lastKnownFileType = sourcecode.c.h; path = MainViewController.h; sourceTree = "<group>"; };
		BA9D0D300FCA4E7100E2B262 /* MainViewController.m */ = {isa = PBXFileReference; fileEncoding = 4; lastKnownFileType = sourcecode.c.objc; path = MainViewController.m; sourceTree = "<group>"; };
		BA9D0DD40FCA5FDB00E2B262 /* libsqlite3.0.dylib */ = {isa = PBXFileReference; lastKnownFileType = "compiled.mach-o.dylib"; name = libsqlite3.0.dylib; path = usr/lib/libsqlite3.0.dylib; sourceTree = SDKROOT; };
		BA9D0DDA0FCA602300E2B262 /* SystemConfiguration.framework */ = {isa = PBXFileReference; lastKnownFileType = wrapper.framework; name = SystemConfiguration.framework; path = System/Library/Frameworks/SystemConfiguration.framework; sourceTree = SDKROOT; };
		BA9D0EF60FCA682700E2B262 /* ResultCell.h */ = {isa = PBXFileReference; fileEncoding = 4; lastKnownFileType = sourcecode.c.h; name = ResultCell.h; path = Classes/ResultCell.h; sourceTree = "<group>"; };
		BA9D0EF70FCA682700E2B262 /* ResultCell.m */ = {isa = PBXFileReference; fileEncoding = 4; lastKnownFileType = sourcecode.c.objc; name = ResultCell.m; path = Classes/ResultCell.m; sourceTree = "<group>"; };
		BA9D10F10FCA8DA200E2B262 /* Entitlements.plist */ = {isa = PBXFileReference; fileEncoding = 4; lastKnownFileType = text.plist.xml; path = Entitlements.plist; sourceTree = "<group>"; };
		BAD5C018107D9C4000C819F4 /* Result.h */ = {isa = PBXFileReference; fileEncoding = 4; lastKnownFileType = sourcecode.c.h; name = Result.h; path = Classes/Result.h; sourceTree = "<group>"; };
		BAD5C019107D9C4000C819F4 /* Result.m */ = {isa = PBXFileReference; fileEncoding = 4; lastKnownFileType = sourcecode.c.objc; name = Result.m; path = Classes/Result.m; sourceTree = "<group>"; };
		BAE6A0C911729B2E00886226 /* DMAboutController.h */ = {isa = PBXFileReference; fileEncoding = 4; lastKnownFileType = sourcecode.c.h; path = DMAboutController.h; sourceTree = "<group>"; };
		BAE6A0CA11729B2E00886226 /* DMAboutController.m */ = {isa = PBXFileReference; fileEncoding = 4; lastKnownFileType = sourcecode.c.objc; path = DMAboutController.m; sourceTree = "<group>"; };
		BAE6A0CB11729B2E00886226 /* DMAboutController.xib */ = {isa = PBXFileReference; lastKnownFileType = file.xib; path = DMAboutController.xib; sourceTree = "<group>"; };
/* End PBXFileReference section */

/* Begin PBXFrameworksBuildPhase section */
		1D60588F0D05DD3D006BFB54 /* Frameworks */ = {
			isa = PBXFrameworksBuildPhase;
			buildActionMask = 2147483647;
			files = (
				1D60589F0D05DD5A006BFB54 /* Foundation.framework in Frameworks */,
				1DF5F4E00D08C38300B7A737 /* UIKit.framework in Frameworks */,
				BA9D0DD50FCA5FDB00E2B262 /* libsqlite3.0.dylib in Frameworks */,
				BA9D0DDB0FCA602300E2B262 /* SystemConfiguration.framework in Frameworks */,
				BA8F250010905E1D000CBAF0 /* MessageUI.framework in Frameworks */,
				BA0FCD361095A87F00593B42 /* CoreGraphics.framework in Frameworks */,
				BA6173F31122B49600137B2D /* QuartzCore.framework in Frameworks */,
			);
			runOnlyForDeploymentPostprocessing = 0;
		};
/* End PBXFrameworksBuildPhase section */

/* Begin PBXGroup section */
		080E96DDFE201D6D7F000001 /* Main Controllers */ = {
			isa = PBXGroup;
			children = (
				BA6171A611226CE600137B2D /* Resources */,
				1D3623240D0F684500981E51 /* DomainrAppDelegate.h */,
				1D3623250D0F684500981E51 /* DomainrAppDelegate.m */,
				BA9D0D2F0FCA4E7100E2B262 /* MainViewController.h */,
				BA9D0D300FCA4E7100E2B262 /* MainViewController.m */,
				BAE6A0C911729B2E00886226 /* DMAboutController.h */,
				BAE6A0CA11729B2E00886226 /* DMAboutController.m */,
			);
			name = "Main Controllers";
			path = Classes;
			sourceTree = "<group>";
		};
		19C28FACFE9D520D11CA2CBB /* Products */ = {
			isa = PBXGroup;
			children = (
				1D6058910D05DD3D006BFB54 /* Domainr.app */,
			);
			name = Products;
			sourceTree = "<group>";
		};
		29B97314FDCFA39411CA2CEA /* CustomTemplate */ = {
			isa = PBXGroup;
			children = (
				BA9D0D370FCA4FC000E2B262 /* Frameworks */,
				BA754CD1107987370024A629 /* Additions */,
				080E96DDFE201D6D7F000001 /* Main Controllers */,
				BA0FCCBC10959E6700593B42 /* History */,
				BAA03641109035C600221219 /* Result */,
				BA8F27951092BCD3000CBAF0 /* WebView */,
				29B97317FDCFA39411CA2CEA /* Resources */,
				29B97323FDCFA39411CA2CEA /* Linked Frameworks */,
				BA6171E8112270C700137B2D /* Domainr_Prefix.pch */,
				BA6171CA11226DD500137B2D /* main.m */,
				19C28FACFE9D520D11CA2CBB /* Products */,
			);
			name = CustomTemplate;
			sourceTree = "<group>";
		};
		29B97317FDCFA39411CA2CEA /* Resources */ = {
			isa = PBXGroup;
			children = (
				BA57B97B11226B7700EFE452 /* Default.png */,
				BA57B98011226B7700EFE452 /* at_symbol.png */,
				BA57B98111226B7700EFE452 /* available.png */,
				BA57B98211226B7700EFE452 /* Back.png */,
				BA57B98311226B7700EFE452 /* cart.png */,
				BA57B98411226B7700EFE452 /* email.png */,
				BA57B98511226B7700EFE452 /* Forward.png */,
				BA6173B51122A15F00137B2D /* iana_icon.png */,
				BA57B98611226B7700EFE452 /* icon.png */,
				BA57B98711226B7700EFE452 /* IndicatorMask.png */,
				BA57B98811226B7700EFE452 /* info.png */,
				BA57B98911226B7700EFE452 /* magnifying_glass_15x15.png */,
				BA57B98A11226B7700EFE452 /* magnifying_glass.png */,
				BA57B98B11226B7700EFE452 /* maybe.png */,
				BA57B98C11226B7700EFE452 /* money.png */,
				BA57B98D11226B7700EFE452 /* tld.png */,
				BA57B98F11226B7700EFE452 /* tools.png */,
				BA57B99011226B7700EFE452 /* TopShadow.png */,
				BA57B99111226B7700EFE452 /* web.png */,
				BA61739311229EEE00137B2D /* wiki_icon.png */,
				BA9D10F10FCA8DA200E2B262 /* Entitlements.plist */,
				8D1107310486CEB800E47090 /* Info.plist */,
			);
			name = Resources;
			sourceTree = "<group>";
		};
		29B97323FDCFA39411CA2CEA /* Linked Frameworks */ = {
			isa = PBXGroup;
			children = (
				BA9D0DD40FCA5FDB00E2B262 /* libsqlite3.0.dylib */,
				BA9D0DDA0FCA602300E2B262 /* SystemConfiguration.framework */,
				1DF5F4DF0D08C38300B7A737 /* UIKit.framework */,
				1D30AB110D05D00D00671497 /* Foundation.framework */,
				288765FC0DF74451002DB57D /* CoreGraphics.framework */,
				BA8F24FF10905E1D000CBAF0 /* MessageUI.framework */,
				BA6173F21122B49600137B2D /* QuartzCore.framework */,
			);
			name = "Linked Frameworks";
			sourceTree = "<group>";
		};
		BA0FCCBC10959E6700593B42 /* History */ = {
			isa = PBXGroup;
			children = (
				BA57B9E211226BE200EFE452 /* Storage.h */,
				BA57B9E311226BE200EFE452 /* Storage.m */,
			);
			name = History;
			sourceTree = "<group>";
		};
		BA57B95811225EB900EFE452 /* CJSON */ = {
			isa = PBXGroup;
			children = (
				BA57B9A911226B9A00EFE452 /* CDataScanner_Extensions.h */,
				BA57B9AA11226B9A00EFE452 /* CDataScanner_Extensions.m */,
				BA57B9AB11226B9A00EFE452 /* CDataScanner.h */,
				BA57B9AC11226B9A00EFE452 /* CDataScanner.m */,
				BA57B9AD11226B9A00EFE452 /* CJSONDeserializer.h */,
				BA57B9AE11226B9A00EFE452 /* CJSONDeserializer.m */,
				BA57B9AF11226B9A00EFE452 /* CJSONScanner.h */,
				BA57B9B011226B9A00EFE452 /* CJSONScanner.m */,
				BA57B9B111226B9A00EFE452 /* CJSONSerializer.h */,
				BA57B9B211226B9A00EFE452 /* CJSONSerializer.m */,
				BA57B9B311226B9A00EFE452 /* NSCharacterSet_Extensions.h */,
				BA57B9B411226B9A00EFE452 /* NSCharacterSet_Extensions.m */,
				BA57B9B511226B9A00EFE452 /* NSDictionary_JSONExtensions.h */,
				BA57B9B611226B9A00EFE452 /* NSDictionary_JSONExtensions.m */,
				BA57B9B711226B9A00EFE452 /* NSScanner_Extensions.h */,
				BA57B9B811226B9A00EFE452 /* NSScanner_Extensions.m */,
			);
			name = CJSON;
			sourceTree = "<group>";
		};
		BA6171A511226CD500137B2D /* Resources */ = {
			isa = PBXGroup;
			children = (
				BA61719F11226CB100137B2D /* WebViewController.xib */,
			);
			name = Resources;
			sourceTree = "<group>";
		};
		BA6171A611226CE600137B2D /* Resources */ = {
			isa = PBXGroup;
			children = (
				BAE6A0CB11729B2E00886226 /* DMAboutController.xib */,
				BA6171C511226DBB00137B2D /* MainWindow.xib */,
				BA6171A711226CF500137B2D /* MainViewController.xib */,
			);
			name = Resources;
			sourceTree = "<group>";
		};
		BA754CD1107987370024A629 /* Additions */ = {
			isa = PBXGroup;
			children = (
				BA57B95E11226AC400EFE452 /* NSMutableArray+Extensions.h */,
				BA57B95F11226AC400EFE452 /* NSMutableArray+Extensions.m */,
				BA57B96011226AC400EFE452 /* NSObject+Extensions.h */,
				BA57B96111226AC400EFE452 /* NSObject+Extensions.m */,
				BA57B96211226AC400EFE452 /* NSScanner+Extensions.h */,
				BA57B96311226AC400EFE452 /* NSScanner+Extensions.m */,
				BA57B96411226AC400EFE452 /* NSString+Extensions.h */,
				BA57B96511226AC400EFE452 /* NSString+Extensions.m */,
				BA57B96611226AC400EFE452 /* NSUserDefaults+Extensions.h */,
				BA57B96711226AC400EFE452 /* NSUserDefaults+Extensions.m */,
				BA57B96811226AC400EFE452 /* Reachability.h */,
				BA57B96911226AC400EFE452 /* Reachability.m */,
				BA57B96A11226AC400EFE452 /* SDImage.h */,
				BA57B96B11226AC400EFE452 /* SDImage.m */,
				BA57B96C11226AC400EFE452 /* UIAlertView+Extensions.h */,
				BA57B96D11226AC400EFE452 /* UIAlertView+Extensions.m */,
				BA57B96E11226AC400EFE452 /* UITableView+Extensions.h */,
				BA57B96F11226AC400EFE452 /* UITableView+Extensions.m */,
			);
			name = Additions;
			sourceTree = "<group>";
		};
		BA8F27951092BCD3000CBAF0 /* WebView */ = {
			isa = PBXGroup;
			children = (
				BA6171A511226CD500137B2D /* Resources */,
				BA6171A111226CCF00137B2D /* WebViewController.h */,
				BA6171A211226CCF00137B2D /* WebViewController.m */,
			);
			name = WebView;
			sourceTree = "<group>";
		};
		BA9D0D370FCA4FC000E2B262 /* Frameworks */ = {
			isa = PBXGroup;
			children = (
				BA57B95811225EB900EFE452 /* CJSON */,
			);
			name = Frameworks;
			sourceTree = "<group>";
		};
		BAA03641109035C600221219 /* Result */ = {
			isa = PBXGroup;
			children = (
				BAD5C018107D9C4000C819F4 /* Result.h */,
				BAD5C019107D9C4000C819F4 /* Result.m */,
				BA9D0EF60FCA682700E2B262 /* ResultCell.h */,
				BA9D0EF70FCA682700E2B262 /* ResultCell.m */,
				BA57752D108EDAAA00C6828C /* ResultViewController.h */,
				BA57752E108EDAAA00C6828C /* ResultViewController.m */,
				BA6172EB11228B9400137B2D /* RegistrarSelectorViewController.h */,
				BA6172EC11228B9400137B2D /* RegistrarSelectorViewController.m */,
			);
			name = Result;
			sourceTree = "<group>";
		};
/* End PBXGroup section */

/* Begin PBXNativeTarget section */
		1D6058900D05DD3D006BFB54 /* Domainr */ = {
			isa = PBXNativeTarget;
			buildConfigurationList = 1D6058960D05DD3E006BFB54 /* Build configuration list for PBXNativeTarget "Domainr" */;
			buildPhases = (
				1D60588D0D05DD3D006BFB54 /* Resources */,
				1D60588E0D05DD3D006BFB54 /* Sources */,
				1D60588F0D05DD3D006BFB54 /* Frameworks */,
			);
			buildRules = (
			);
			dependencies = (
			);
			name = Domainr;
			productName = Domainr;
			productReference = 1D6058910D05DD3D006BFB54 /* Domainr.app */;
			productType = "com.apple.product-type.application";
		};
/* End PBXNativeTarget section */

/* Begin PBXProject section */
		29B97313FDCFA39411CA2CEA /* Project object */ = {
			isa = PBXProject;
			buildConfigurationList = C01FCF4E08A954540054247B /* Build configuration list for PBXProject "Domainr" */;
			compatibilityVersion = "Xcode 3.1";
			hasScannedForEncodings = 1;
			mainGroup = 29B97314FDCFA39411CA2CEA /* CustomTemplate */;
			projectDirPath = "";
			projectRoot = "";
			targets = (
				1D6058900D05DD3D006BFB54 /* Domainr */,
			);
		};
/* End PBXProject section */

/* Begin PBXResourcesBuildPhase section */
		1D60588D0D05DD3D006BFB54 /* Resources */ = {
			isa = PBXResourcesBuildPhase;
			buildActionMask = 2147483647;
			files = (
				BA9D10F20FCA8DA200E2B262 /* Entitlements.plist in Resources */,
				BA57B99211226B7700EFE452 /* Default.png in Resources */,
				BA57B99711226B7700EFE452 /* at_symbol.png in Resources */,
				BA57B99811226B7700EFE452 /* available.png in Resources */,
				BA57B99911226B7700EFE452 /* Back.png in Resources */,
				BA57B99A11226B7700EFE452 /* cart.png in Resources */,
				BA57B99B11226B7700EFE452 /* email.png in Resources */,
				BA57B99C11226B7700EFE452 /* Forward.png in Resources */,
				BA57B99D11226B7700EFE452 /* icon.png in Resources */,
				BA57B99E11226B7700EFE452 /* IndicatorMask.png in Resources */,
				BA57B99F11226B7700EFE452 /* info.png in Resources */,
				BA57B9A011226B7700EFE452 /* magnifying_glass_15x15.png in Resources */,
				BA57B9A111226B7700EFE452 /* magnifying_glass.png in Resources */,
				BA57B9A211226B7700EFE452 /* maybe.png in Resources */,
				BA57B9A311226B7700EFE452 /* money.png in Resources */,
				BA57B9A411226B7700EFE452 /* tld.png in Resources */,
				BA57B9A611226B7700EFE452 /* tools.png in Resources */,
				BA57B9A711226B7700EFE452 /* TopShadow.png in Resources */,
				BA57B9A811226B7700EFE452 /* web.png in Resources */,
				BA6171A011226CB100137B2D /* WebViewController.xib in Resources */,
				BA6171A811226CF500137B2D /* MainViewController.xib in Resources */,
				BA6171C611226DBB00137B2D /* MainWindow.xib in Resources */,
				BA61739411229EEE00137B2D /* wiki_icon.png in Resources */,
				BA6173B61122A15F00137B2D /* iana_icon.png in Resources */,
				BAE6A0CD11729B2E00886226 /* DMAboutController.xib in Resources */,
			);
			runOnlyForDeploymentPostprocessing = 0;
		};
/* End PBXResourcesBuildPhase section */

/* Begin PBXSourcesBuildPhase section */
		1D60588E0D05DD3D006BFB54 /* Sources */ = {
			isa = PBXSourcesBuildPhase;
			buildActionMask = 2147483647;
			files = (
				1D3623260D0F684500981E51 /* DomainrAppDelegate.m in Sources */,
				BA9D0D310FCA4E7100E2B262 /* MainViewController.m in Sources */,
				BA9D0EFB0FCA682700E2B262 /* ResultCell.m in Sources */,
				BAD5C01A107D9C4000C819F4 /* Result.m in Sources */,
				BA577530108EDAAA00C6828C /* ResultViewController.m in Sources */,
				BA57B97011226AC400EFE452 /* NSMutableArray+Extensions.m in Sources */,
				BA57B97111226AC400EFE452 /* NSObject+Extensions.m in Sources */,
				BA57B97211226AC400EFE452 /* NSScanner+Extensions.m in Sources */,
				BA57B97311226AC400EFE452 /* NSString+Extensions.m in Sources */,
				BA57B97411226AC400EFE452 /* NSUserDefaults+Extensions.m in Sources */,
				BA57B97511226AC400EFE452 /* Reachability.m in Sources */,
				BA57B97611226AC400EFE452 /* SDImage.m in Sources */,
				BA57B97711226AC400EFE452 /* UIAlertView+Extensions.m in Sources */,
				BA57B97811226AC400EFE452 /* UITableView+Extensions.m in Sources */,
				BA57B9B911226B9A00EFE452 /* CDataScanner_Extensions.m in Sources */,
				BA57B9BA11226B9A00EFE452 /* CDataScanner.m in Sources */,
				BA57B9BB11226B9A00EFE452 /* CJSONDeserializer.m in Sources */,
				BA57B9BC11226B9A00EFE452 /* CJSONScanner.m in Sources */,
				BA57B9BD11226B9A00EFE452 /* CJSONSerializer.m in Sources */,
				BA57B9BE11226B9A00EFE452 /* NSCharacterSet_Extensions.m in Sources */,
				BA57B9BF11226B9A00EFE452 /* NSDictionary_JSONExtensions.m in Sources */,
				BA57B9C011226B9A00EFE452 /* NSScanner_Extensions.m in Sources */,
				BA57B9E411226BE200EFE452 /* Storage.m in Sources */,
				BA6171A311226CCF00137B2D /* WebViewController.m in Sources */,
				BA6171CB11226DD500137B2D /* main.m in Sources */,
				BA6172EE11228B9400137B2D /* RegistrarSelectorViewController.m in Sources */,
				BAE6A0CC11729B2E00886226 /* DMAboutController.m in Sources */,
			);
			runOnlyForDeploymentPostprocessing = 0;
		};
/* End PBXSourcesBuildPhase section */

/* Begin XCBuildConfiguration section */
		1D6058940D05DD3E006BFB54 /* Debug */ = {
			isa = XCBuildConfiguration;
			buildSettings = {
				ALWAYS_SEARCH_USER_PATHS = NO;
				COPY_PHASE_STRIP = NO;
				GCC_DYNAMIC_NO_PIC = NO;
				GCC_OPTIMIZATION_LEVEL = 0;
				GCC_PRECOMPILE_PREFIX_HEADER = YES;
				GCC_PREFIX_HEADER = Domainr_Prefix.pch;
				INFOPLIST_FILE = Info.plist;
				LIBRARY_SEARCH_PATHS = (
					"$(inherited)",
					"\"$(SRCROOT)\"",
				);
				PRODUCT_NAME = Domainr;
			};
			name = Debug;
		};
		1D6058950D05DD3E006BFB54 /* Release */ = {
			isa = XCBuildConfiguration;
			buildSettings = {
				ALWAYS_SEARCH_USER_PATHS = NO;
				CODE_SIGN_ENTITLEMENTS = "";
				"CODE_SIGN_IDENTITY[sdk=iphoneos*]" = "iPhone Distribution: nb.io, LLC";
				COPY_PHASE_STRIP = YES;
				GCC_PRECOMPILE_PREFIX_HEADER = YES;
				GCC_PREFIX_HEADER = Domainr_Prefix.pch;
				INFOPLIST_FILE = Info.plist;
				LIBRARY_SEARCH_PATHS = (
					"$(inherited)",
					"\"$(SRCROOT)\"",
				);
				PRODUCT_NAME = Domainr;
				"PROVISIONING_PROFILE[sdk=iphoneos*]" = "891379EE-B730-45C1-943B-577DD4DC63E1";
			};
			name = Release;
		};
		BA9D11090FCA8DF500E2B262 /* AdHoc */ = {
			isa = XCBuildConfiguration;
			buildSettings = {
				ARCHS = "$(ARCHS_STANDARD_32_BIT)";
				CODE_SIGN_ENTITLEMENTS = Entitlements.plist;
				"CODE_SIGN_IDENTITY[sdk=iphoneos*]" = "iPhone Distribution: nb.io, LLC";
				GCC_C_LANGUAGE_STANDARD = c99;
				GCC_WARN_ABOUT_RETURN_TYPE = YES;
				GCC_WARN_UNUSED_VARIABLE = YES;
				INFOPLIST_FILE = Info.plist;
				PREBINDING = NO;
				"PROVISIONING_PROFILE[sdk=iphoneos*]" = "891379EE-B730-45C1-943B-577DD4DC63E1";
				SDKROOT = iphoneos3.0;
			};
			name = AdHoc;
		};
		BA9D110A0FCA8DF500E2B262 /* AdHoc */ = {
			isa = XCBuildConfiguration;
			buildSettings = {
				ALWAYS_SEARCH_USER_PATHS = NO;
				COPY_PHASE_STRIP = YES;
				GCC_PRECOMPILE_PREFIX_HEADER = YES;
				GCC_PREFIX_HEADER = Domainr_Prefix.pch;
				INFOPLIST_FILE = Info.plist;
				LIBRARY_SEARCH_PATHS = (
					"$(inherited)",
					"\"$(SRCROOT)\"",
				);
				PRODUCT_NAME = Domainr;
			};
			name = AdHoc;
		};
		BAF97D47117459D8004882C6 /* Distribution */ = {
			isa = XCBuildConfiguration;
			buildSettings = {
				ARCHS = "$(ARCHS_STANDARD_32_BIT)";
				"CODE_SIGN_IDENTITY[sdk=iphoneos*]" = "iPhone Distribution: nb.io, LLC";
				GCC_C_LANGUAGE_STANDARD = c99;
				GCC_WARN_ABOUT_RETURN_TYPE = YES;
				GCC_WARN_UNUSED_VARIABLE = YES;
				INFOPLIST_FILE = Info.plist;
				PREBINDING = NO;
				"PROVISIONING_PROFILE[sdk=iphoneos*]" = "891379EE-B730-45C1-943B-577DD4DC63E1";
				SDKROOT = iphoneos3.0;
			};
			name = Distribution;
		};
		BAF97D48117459D8004882C6 /* Distribution */ = {
			isa = XCBuildConfiguration;
			buildSettings = {
				ALWAYS_SEARCH_USER_PATHS = NO;
				CODE_SIGN_ENTITLEMENTS = Entitlements.plist;
				"CODE_SIGN_IDENTITY[sdk=iphoneos*]" = "iPhone Distribution: nb.io, LLC";
				COPY_PHASE_STRIP = YES;
				GCC_PRECOMPILE_PREFIX_HEADER = YES;
				GCC_PREFIX_HEADER = Domainr_Prefix.pch;
				INFOPLIST_FILE = Info.plist;
				LIBRARY_SEARCH_PATHS = (
					"$(inherited)",
					"\"$(SRCROOT)\"",
				);
				PRODUCT_NAME = Domainr;
				"PROVISIONING_PROFILE[sdk=iphoneos*]" = "891379EE-B730-45C1-943B-577DD4DC63E1";
			};
			name = Distribution;
		};
		C01FCF4F08A954540054247B /* Debug */ = {
			isa = XCBuildConfiguration;
			buildSettings = {
				ARCHS = "$(ARCHS_STANDARD_32_BIT)";
				"CODE_SIGN_IDENTITY[sdk=iphoneos*]" = "iPhone Developer: Sahil Desai";
				GCC_C_LANGUAGE_STANDARD = c99;
				GCC_WARN_ABOUT_RETURN_TYPE = YES;
				GCC_WARN_UNUSED_VARIABLE = YES;
				INFOPLIST_FILE = Info.plist;
				ONLY_ACTIVE_ARCH = YES;
				PREBINDING = NO;
				PRECOMPS_INCLUDE_HEADERS_FROM_BUILT_PRODUCTS_DIR = YES;
				"PROVISIONING_PROFILE[sdk=iphoneos*]" = "A7F9377B-20CF-438B-A039-B82D5FD71D19";
				SDKROOT = iphoneos3.0;
			};
			name = Debug;
		};
		C01FCF5008A954540054247B /* Release */ = {
			isa = XCBuildConfiguration;
			buildSettings = {
				ARCHS = "$(ARCHS_STANDARD_32_BIT)";
				"CODE_SIGN_IDENTITY[sdk=iphoneos*]" = "iPhone Distribution: nb.io, LLC";
				GCC_C_LANGUAGE_STANDARD = c99;
				GCC_WARN_ABOUT_RETURN_TYPE = YES;
				GCC_WARN_UNUSED_VARIABLE = YES;
				INFOPLIST_FILE = Info.plist;
				PREBINDING = NO;
				"PROVISIONING_PROFILE[sdk=iphoneos*]" = "891379EE-B730-45C1-943B-577DD4DC63E1";
				SDKROOT = iphoneos3.0;
			};
			name = Release;
		};
/* End XCBuildConfiguration section */

/* Begin XCConfigurationList section */
		1D6058960D05DD3E006BFB54 /* Build configuration list for PBXNativeTarget "Domainr" */ = {
			isa = XCConfigurationList;
			buildConfigurations = (
				1D6058940D05DD3E006BFB54 /* Debug */,
				BA9D110A0FCA8DF500E2B262 /* AdHoc */,
				1D6058950D05DD3E006BFB54 /* Release */,
				BAF97D48117459D8004882C6 /* Distribution */,
			);
			defaultConfigurationIsVisible = 0;
			defaultConfigurationName = Release;
		};
		C01FCF4E08A954540054247B /* Build configuration list for PBXProject "Domainr" */ = {
			isa = XCConfigurationList;
			buildConfigurations = (
				C01FCF4F08A954540054247B /* Debug */,
				BA9D11090FCA8DF500E2B262 /* AdHoc */,
				C01FCF5008A954540054247B /* Release */,
				BAF97D47117459D8004882C6 /* Distribution */,
			);
			defaultConfigurationIsVisible = 0;
			defaultConfigurationName = Release;
		};
/* End XCConfigurationList section */
	};
	rootObject = 29B97313FDCFA39411CA2CEA /* Project object */;
}
